// !$*UTF8*$!
{
	archiveVersion = 1;
	classes = {
	};
	objectVersion = 56;
	objects = {

/* Begin PBXBuildFile section */
		9325E689291A447100E94098 /* SignUpAndAuthView.swift in Sources */ = {isa = PBXBuildFile; fileRef = 9325E688291A447000E94098 /* SignUpAndAuthView.swift */; };
		9325E68B291A448E00E94098 /* PhoneNumberValidViewController.swift in Sources */ = {isa = PBXBuildFile; fileRef = 9325E68A291A448E00E94098 /* PhoneNumberValidViewController.swift */; };
		9325E690291A471000E94098 /* OnBoardingViewController.swift in Sources */ = {isa = PBXBuildFile; fileRef = 9325E68C291A471000E94098 /* OnBoardingViewController.swift */; };
		9325E691291A471000E94098 /* OnBoardingView.swift in Sources */ = {isa = PBXBuildFile; fileRef = 9325E68D291A471000E94098 /* OnBoardingView.swift */; };
		9325E692291A471000E94098 /* FirstOnboardingViewController.swift in Sources */ = {isa = PBXBuildFile; fileRef = 9325E68E291A471000E94098 /* FirstOnboardingViewController.swift */; };
		9325E693291A471000E94098 /* CustomPageViewController.swift in Sources */ = {isa = PBXBuildFile; fileRef = 9325E68F291A471000E94098 /* CustomPageViewController.swift */; };
		9325E698291A737B00E94098 /* TextFieldEffects in Frameworks */ = {isa = PBXBuildFile; productRef = 9325E697291A737B00E94098 /* TextFieldEffects */; };
		9325E69B291A7A7F00E94098 /* RxCocoa in Frameworks */ = {isa = PBXBuildFile; productRef = 9325E69A291A7A7F00E94098 /* RxCocoa */; };
		9325E69D291A7A7F00E94098 /* RxSwift in Frameworks */ = {isa = PBXBuildFile; productRef = 9325E69C291A7A7F00E94098 /* RxSwift */; };
		9325E69F291A856400E94098 /* AuthNumberViewController.swift in Sources */ = {isa = PBXBuildFile; fileRef = 9325E69E291A856400E94098 /* AuthNumberViewController.swift */; };
		9325E6A1291B487E00E94098 /* UIView+Extensions.swift in Sources */ = {isa = PBXBuildFile; fileRef = 9325E6A0291B487E00E94098 /* UIView+Extensions.swift */; };
		9325E6A3291B6B9D00E94098 /* NicknameViewController.swift in Sources */ = {isa = PBXBuildFile; fileRef = 9325E6A2291B6B9D00E94098 /* NicknameViewController.swift */; };
		937A1611291B73F600656882 /* BirthViewController.swift in Sources */ = {isa = PBXBuildFile; fileRef = 937A1610291B73F600656882 /* BirthViewController.swift */; };
		937A1613291B740500656882 /* BirthView.swift in Sources */ = {isa = PBXBuildFile; fileRef = 937A1612291B740500656882 /* BirthView.swift */; };
		937A1615291B839D00656882 /* UITextField+Extensions.swift in Sources */ = {isa = PBXBuildFile; fileRef = 937A1614291B839D00656882 /* UITextField+Extensions.swift */; };
		937A1618291BA61000656882 /* EmailViewController.swift in Sources */ = {isa = PBXBuildFile; fileRef = 937A1617291BA61000656882 /* EmailViewController.swift */; };
		937A161B291BA74B00656882 /* AttributeString+Protocol.swift in Sources */ = {isa = PBXBuildFile; fileRef = 937A161A291BA74B00656882 /* AttributeString+Protocol.swift */; };
		937A161E291BAE5E00656882 /* GenderViewController.swift in Sources */ = {isa = PBXBuildFile; fileRef = 937A161D291BAE5E00656882 /* GenderViewController.swift */; };
		93CFB35E2918AEAC0014908C /* AppDelegate.swift in Sources */ = {isa = PBXBuildFile; fileRef = 93CFB35D2918AEAC0014908C /* AppDelegate.swift */; };
		93CFB3602918AEAC0014908C /* SceneDelegate.swift in Sources */ = {isa = PBXBuildFile; fileRef = 93CFB35F2918AEAC0014908C /* SceneDelegate.swift */; };
		93CFB3622918AEAC0014908C /* ViewController.swift in Sources */ = {isa = PBXBuildFile; fileRef = 93CFB3612918AEAC0014908C /* ViewController.swift */; };
		93CFB3652918AEAC0014908C /* Main.storyboard in Resources */ = {isa = PBXBuildFile; fileRef = 93CFB3632918AEAC0014908C /* Main.storyboard */; };
		93CFB3672918AEAE0014908C /* Assets.xcassets in Resources */ = {isa = PBXBuildFile; fileRef = 93CFB3662918AEAE0014908C /* Assets.xcassets */; };
		93CFB36A2918AEAE0014908C /* LaunchScreen.storyboard in Resources */ = {isa = PBXBuildFile; fileRef = 93CFB3682918AEAE0014908C /* LaunchScreen.storyboard */; };
		93CFB3752918B38E0014908C /* BaseViewController.swift in Sources */ = {isa = PBXBuildFile; fileRef = 93CFB3742918B38E0014908C /* BaseViewController.swift */; };
		93CFB3772918B3950014908C /* BaseView.swift in Sources */ = {isa = PBXBuildFile; fileRef = 93CFB3762918B3950014908C /* BaseView.swift */; };
		93CFB37A2918C16A0014908C /* UIColor+Extensions.swift in Sources */ = {isa = PBXBuildFile; fileRef = 93CFB3792918C16A0014908C /* UIColor+Extensions.swift */; };
		93CFB38B2918D3BE0014908C /* Dongle-Regular.ttf in Resources */ = {isa = PBXBuildFile; fileRef = 93CFB3812918D3BE0014908C /* Dongle-Regular.ttf */; };
		93CFB38C2918D3BE0014908C /* NotoSansKR-Light.otf in Resources */ = {isa = PBXBuildFile; fileRef = 93CFB3822918D3BE0014908C /* NotoSansKR-Light.otf */; };
		93CFB38D2918D3BE0014908C /* NotoSansKR-Bold.otf in Resources */ = {isa = PBXBuildFile; fileRef = 93CFB3832918D3BE0014908C /* NotoSansKR-Bold.otf */; };
		93CFB38E2918D3BE0014908C /* NotoSansKR-Thin.otf in Resources */ = {isa = PBXBuildFile; fileRef = 93CFB3842918D3BE0014908C /* NotoSansKR-Thin.otf */; };
		93CFB38F2918D3BE0014908C /* OFL.txt in Resources */ = {isa = PBXBuildFile; fileRef = 93CFB3852918D3BE0014908C /* OFL.txt */; };
		93CFB3902918D3BE0014908C /* NotoSansKR-Black.otf in Resources */ = {isa = PBXBuildFile; fileRef = 93CFB3862918D3BE0014908C /* NotoSansKR-Black.otf */; };
		93CFB3912918D3BE0014908C /* Dongle-Light.ttf in Resources */ = {isa = PBXBuildFile; fileRef = 93CFB3872918D3BE0014908C /* Dongle-Light.ttf */; };
		93CFB3922918D3BE0014908C /* NotoSansKR-Medium.otf in Resources */ = {isa = PBXBuildFile; fileRef = 93CFB3882918D3BE0014908C /* NotoSansKR-Medium.otf */; };
		93CFB3932918D3BE0014908C /* Dongle-Bold.ttf in Resources */ = {isa = PBXBuildFile; fileRef = 93CFB3892918D3BE0014908C /* Dongle-Bold.ttf */; };
		93CFB3942918D3BE0014908C /* NotoSansKR-Regular.otf in Resources */ = {isa = PBXBuildFile; fileRef = 93CFB38A2918D3BE0014908C /* NotoSansKR-Regular.otf */; };
		93CFB3972918D6C00014908C /* SnapKit in Frameworks */ = {isa = PBXBuildFile; productRef = 93CFB3962918D6C00014908C /* SnapKit */; };
/* End PBXBuildFile section */

/* Begin PBXFileReference section */
		9325E688291A447000E94098 /* SignUpAndAuthView.swift */ = {isa = PBXFileReference; lastKnownFileType = sourcecode.swift; path = SignUpAndAuthView.swift; sourceTree = "<group>"; };
		9325E68A291A448E00E94098 /* PhoneNumberValidViewController.swift */ = {isa = PBXFileReference; lastKnownFileType = sourcecode.swift; path = PhoneNumberValidViewController.swift; sourceTree = "<group>"; };
		9325E68C291A471000E94098 /* OnBoardingViewController.swift */ = {isa = PBXFileReference; fileEncoding = 4; lastKnownFileType = sourcecode.swift; path = OnBoardingViewController.swift; sourceTree = "<group>"; };
		9325E68D291A471000E94098 /* OnBoardingView.swift */ = {isa = PBXFileReference; fileEncoding = 4; lastKnownFileType = sourcecode.swift; path = OnBoardingView.swift; sourceTree = "<group>"; };
		9325E68E291A471000E94098 /* FirstOnboardingViewController.swift */ = {isa = PBXFileReference; fileEncoding = 4; lastKnownFileType = sourcecode.swift; path = FirstOnboardingViewController.swift; sourceTree = "<group>"; };
		9325E68F291A471000E94098 /* CustomPageViewController.swift */ = {isa = PBXFileReference; fileEncoding = 4; lastKnownFileType = sourcecode.swift; path = CustomPageViewController.swift; sourceTree = "<group>"; };
		9325E69E291A856400E94098 /* AuthNumberViewController.swift */ = {isa = PBXFileReference; lastKnownFileType = sourcecode.swift; path = AuthNumberViewController.swift; sourceTree = "<group>"; };
		9325E6A0291B487E00E94098 /* UIView+Extensions.swift */ = {isa = PBXFileReference; lastKnownFileType = sourcecode.swift; path = "UIView+Extensions.swift"; sourceTree = "<group>"; };
		9325E6A2291B6B9D00E94098 /* NicknameViewController.swift */ = {isa = PBXFileReference; lastKnownFileType = sourcecode.swift; path = NicknameViewController.swift; sourceTree = "<group>"; };
		937A1610291B73F600656882 /* BirthViewController.swift */ = {isa = PBXFileReference; lastKnownFileType = sourcecode.swift; path = BirthViewController.swift; sourceTree = "<group>"; };
		937A1612291B740500656882 /* BirthView.swift */ = {isa = PBXFileReference; lastKnownFileType = sourcecode.swift; path = BirthView.swift; sourceTree = "<group>"; };
		937A1614291B839D00656882 /* UITextField+Extensions.swift */ = {isa = PBXFileReference; lastKnownFileType = sourcecode.swift; path = "UITextField+Extensions.swift"; sourceTree = "<group>"; };
		937A1617291BA61000656882 /* EmailViewController.swift */ = {isa = PBXFileReference; lastKnownFileType = sourcecode.swift; path = EmailViewController.swift; sourceTree = "<group>"; };
		937A161A291BA74B00656882 /* AttributeString+Protocol.swift */ = {isa = PBXFileReference; lastKnownFileType = sourcecode.swift; path = "AttributeString+Protocol.swift"; sourceTree = "<group>"; };
		937A161D291BAE5E00656882 /* GenderViewController.swift */ = {isa = PBXFileReference; lastKnownFileType = sourcecode.swift; path = GenderViewController.swift; sourceTree = "<group>"; };
		93CFB35A2918AEAC0014908C /* SeSACStudy.app */ = {isa = PBXFileReference; explicitFileType = wrapper.application; includeInIndex = 0; path = SeSACStudy.app; sourceTree = BUILT_PRODUCTS_DIR; };
		93CFB35D2918AEAC0014908C /* AppDelegate.swift */ = {isa = PBXFileReference; lastKnownFileType = sourcecode.swift; path = AppDelegate.swift; sourceTree = "<group>"; };
		93CFB35F2918AEAC0014908C /* SceneDelegate.swift */ = {isa = PBXFileReference; lastKnownFileType = sourcecode.swift; path = SceneDelegate.swift; sourceTree = "<group>"; };
		93CFB3612918AEAC0014908C /* ViewController.swift */ = {isa = PBXFileReference; lastKnownFileType = sourcecode.swift; path = ViewController.swift; sourceTree = "<group>"; };
		93CFB3642918AEAC0014908C /* Base */ = {isa = PBXFileReference; lastKnownFileType = file.storyboard; name = Base; path = Base.lproj/Main.storyboard; sourceTree = "<group>"; };
		93CFB3662918AEAE0014908C /* Assets.xcassets */ = {isa = PBXFileReference; lastKnownFileType = folder.assetcatalog; path = Assets.xcassets; sourceTree = "<group>"; };
		93CFB3692918AEAE0014908C /* Base */ = {isa = PBXFileReference; lastKnownFileType = file.storyboard; name = Base; path = Base.lproj/LaunchScreen.storyboard; sourceTree = "<group>"; };
		93CFB36B2918AEAE0014908C /* Info.plist */ = {isa = PBXFileReference; lastKnownFileType = text.plist.xml; path = Info.plist; sourceTree = "<group>"; };
		93CFB3742918B38E0014908C /* BaseViewController.swift */ = {isa = PBXFileReference; lastKnownFileType = sourcecode.swift; path = BaseViewController.swift; sourceTree = "<group>"; };
		93CFB3762918B3950014908C /* BaseView.swift */ = {isa = PBXFileReference; lastKnownFileType = sourcecode.swift; path = BaseView.swift; sourceTree = "<group>"; };
		93CFB3792918C16A0014908C /* UIColor+Extensions.swift */ = {isa = PBXFileReference; lastKnownFileType = sourcecode.swift; path = "UIColor+Extensions.swift"; sourceTree = "<group>"; };
		93CFB3812918D3BE0014908C /* Dongle-Regular.ttf */ = {isa = PBXFileReference; lastKnownFileType = file; path = "Dongle-Regular.ttf"; sourceTree = "<group>"; };
		93CFB3822918D3BE0014908C /* NotoSansKR-Light.otf */ = {isa = PBXFileReference; lastKnownFileType = file; path = "NotoSansKR-Light.otf"; sourceTree = "<group>"; };
		93CFB3832918D3BE0014908C /* NotoSansKR-Bold.otf */ = {isa = PBXFileReference; lastKnownFileType = file; path = "NotoSansKR-Bold.otf"; sourceTree = "<group>"; };
		93CFB3842918D3BE0014908C /* NotoSansKR-Thin.otf */ = {isa = PBXFileReference; lastKnownFileType = file; path = "NotoSansKR-Thin.otf"; sourceTree = "<group>"; };
		93CFB3852918D3BE0014908C /* OFL.txt */ = {isa = PBXFileReference; fileEncoding = 4; lastKnownFileType = text; path = OFL.txt; sourceTree = "<group>"; };
		93CFB3862918D3BE0014908C /* NotoSansKR-Black.otf */ = {isa = PBXFileReference; lastKnownFileType = file; path = "NotoSansKR-Black.otf"; sourceTree = "<group>"; };
		93CFB3872918D3BE0014908C /* Dongle-Light.ttf */ = {isa = PBXFileReference; lastKnownFileType = file; path = "Dongle-Light.ttf"; sourceTree = "<group>"; };
		93CFB3882918D3BE0014908C /* NotoSansKR-Medium.otf */ = {isa = PBXFileReference; lastKnownFileType = file; path = "NotoSansKR-Medium.otf"; sourceTree = "<group>"; };
		93CFB3892918D3BE0014908C /* Dongle-Bold.ttf */ = {isa = PBXFileReference; lastKnownFileType = file; path = "Dongle-Bold.ttf"; sourceTree = "<group>"; };
		93CFB38A2918D3BE0014908C /* NotoSansKR-Regular.otf */ = {isa = PBXFileReference; lastKnownFileType = file; path = "NotoSansKR-Regular.otf"; sourceTree = "<group>"; };
/* End PBXFileReference section */

/* Begin PBXFrameworksBuildPhase section */
		93CFB3572918AEAC0014908C /* Frameworks */ = {
			isa = PBXFrameworksBuildPhase;
			buildActionMask = 2147483647;
			files = (
				9325E69B291A7A7F00E94098 /* RxCocoa in Frameworks */,
				93CFB3972918D6C00014908C /* SnapKit in Frameworks */,
				9325E69D291A7A7F00E94098 /* RxSwift in Frameworks */,
				9325E698291A737B00E94098 /* TextFieldEffects in Frameworks */,
			);
			runOnlyForDeploymentPostprocessing = 0;
		};
/* End PBXFrameworksBuildPhase section */

/* Begin PBXGroup section */
		9325E687291A440500E94098 /* ValidCheck  2-1 */ = {
			isa = PBXGroup;
			children = (
				9325E68A291A448E00E94098 /* PhoneNumberValidViewController.swift */,
			);
			path = "ValidCheck  2-1";
			sourceTree = "<group>";
		};
		9325E6A4291B6D4F00E94098 /* Scene - Login&SignUp - 2 */ = {
			isa = PBXGroup;
			children = (
				9325E688291A447000E94098 /* SignUpAndAuthView.swift */,
				9325E687291A440500E94098 /* ValidCheck  2-1 */,
				93CFB3722918B2A00014908C /* PhoneNumberAuth 2-2 */,
				937A160E291B6E6C00656882 /* Nickname 2-3 */,
				937A160F291B73D700656882 /* Birth 2-4 */,
				937A1616291BA5F000656882 /* Email 2-5 */,
				937A161C291BAE0100656882 /* Gender 2-6 */,
			);
			path = "Scene - Login&SignUp - 2";
			sourceTree = "<group>";
		};
		937A160E291B6E6C00656882 /* Nickname 2-3 */ = {
			isa = PBXGroup;
			children = (
				9325E6A2291B6B9D00E94098 /* NicknameViewController.swift */,
			);
			path = "Nickname 2-3";
			sourceTree = "<group>";
		};
		937A160F291B73D700656882 /* Birth 2-4 */ = {
			isa = PBXGroup;
			children = (
				937A1612291B740500656882 /* BirthView.swift */,
				937A1610291B73F600656882 /* BirthViewController.swift */,
			);
			path = "Birth 2-4";
			sourceTree = "<group>";
		};
		937A1616291BA5F000656882 /* Email 2-5 */ = {
			isa = PBXGroup;
			children = (
				937A1617291BA61000656882 /* EmailViewController.swift */,
			);
			path = "Email 2-5";
			sourceTree = "<group>";
		};
		937A1619291BA72E00656882 /* Protocol */ = {
			isa = PBXGroup;
			children = (
				937A161A291BA74B00656882 /* AttributeString+Protocol.swift */,
			);
			path = Protocol;
			sourceTree = "<group>";
		};
		937A161C291BAE0100656882 /* Gender 2-6 */ = {
			isa = PBXGroup;
			children = (
				937A161D291BAE5E00656882 /* GenderViewController.swift */,
			);
			path = "Gender 2-6";
			sourceTree = "<group>";
		};
		93CFB3512918AEAC0014908C = {
			isa = PBXGroup;
			children = (
				93CFB35C2918AEAC0014908C /* SeSACStudy */,
				93CFB35B2918AEAC0014908C /* Products */,
			);
			sourceTree = "<group>";
		};
		93CFB35B2918AEAC0014908C /* Products */ = {
			isa = PBXGroup;
			children = (
				93CFB35A2918AEAC0014908C /* SeSACStudy.app */,
			);
			name = Products;
			sourceTree = "<group>";
		};
		93CFB35C2918AEAC0014908C /* SeSACStudy */ = {
			isa = PBXGroup;
			children = (
				93CFB35D2918AEAC0014908C /* AppDelegate.swift */,
				93CFB35F2918AEAC0014908C /* SceneDelegate.swift */,
				93CFB3612918AEAC0014908C /* ViewController.swift */,
				937A1619291BA72E00656882 /* Protocol */,
				93CFB3782918C1620014908C /* Extensions */,
				93CFB3712918B2900014908C /* Scene - OnBoarding - 1 */,
				9325E6A4291B6D4F00E94098 /* Scene - Login&SignUp - 2 */,
				93CFB3732918B3690014908C /* Scene - Base */,
				93CFB37D2918CE5B0014908C /* Resources */,
				93CFB3632918AEAC0014908C /* Main.storyboard */,
				93CFB3662918AEAE0014908C /* Assets.xcassets */,
				93CFB3682918AEAE0014908C /* LaunchScreen.storyboard */,
				93CFB36B2918AEAE0014908C /* Info.plist */,
			);
			path = SeSACStudy;
			sourceTree = "<group>";
		};
		93CFB3712918B2900014908C /* Scene - OnBoarding - 1 */ = {
			isa = PBXGroup;
			children = (
				9325E68F291A471000E94098 /* CustomPageViewController.swift */,
				9325E68E291A471000E94098 /* FirstOnboardingViewController.swift */,
				9325E68D291A471000E94098 /* OnBoardingView.swift */,
				9325E68C291A471000E94098 /* OnBoardingViewController.swift */,
			);
			path = "Scene - OnBoarding - 1";
			sourceTree = "<group>";
		};
		93CFB3722918B2A00014908C /* PhoneNumberAuth 2-2 */ = {
			isa = PBXGroup;
			children = (
				9325E69E291A856400E94098 /* AuthNumberViewController.swift */,
			);
			path = "PhoneNumberAuth 2-2";
			sourceTree = "<group>";
		};
		93CFB3732918B3690014908C /* Scene - Base */ = {
			isa = PBXGroup;
			children = (
				93CFB3742918B38E0014908C /* BaseViewController.swift */,
				93CFB3762918B3950014908C /* BaseView.swift */,
			);
			path = "Scene - Base";
			sourceTree = "<group>";
		};
		93CFB3782918C1620014908C /* Extensions */ = {
			isa = PBXGroup;
			children = (
				93CFB3792918C16A0014908C /* UIColor+Extensions.swift */,
				9325E6A0291B487E00E94098 /* UIView+Extensions.swift */,
				937A1614291B839D00656882 /* UITextField+Extensions.swift */,
			);
			path = Extensions;
			sourceTree = "<group>";
		};
		93CFB37D2918CE5B0014908C /* Resources */ = {
			isa = PBXGroup;
			children = (
				93CFB3802918D3BE0014908C /* Font */,
			);
			path = Resources;
			sourceTree = "<group>";
		};
		93CFB3802918D3BE0014908C /* Font */ = {
			isa = PBXGroup;
			children = (
				93CFB3812918D3BE0014908C /* Dongle-Regular.ttf */,
				93CFB3822918D3BE0014908C /* NotoSansKR-Light.otf */,
				93CFB3832918D3BE0014908C /* NotoSansKR-Bold.otf */,
				93CFB3842918D3BE0014908C /* NotoSansKR-Thin.otf */,
				93CFB3852918D3BE0014908C /* OFL.txt */,
				93CFB3862918D3BE0014908C /* NotoSansKR-Black.otf */,
				93CFB3872918D3BE0014908C /* Dongle-Light.ttf */,
				93CFB3882918D3BE0014908C /* NotoSansKR-Medium.otf */,
				93CFB3892918D3BE0014908C /* Dongle-Bold.ttf */,
				93CFB38A2918D3BE0014908C /* NotoSansKR-Regular.otf */,
			);
			path = Font;
			sourceTree = "<group>";
		};
/* End PBXGroup section */

/* Begin PBXNativeTarget section */
		93CFB3592918AEAC0014908C /* SeSACStudy */ = {
			isa = PBXNativeTarget;
			buildConfigurationList = 93CFB36E2918AEAE0014908C /* Build configuration list for PBXNativeTarget "SeSACStudy" */;
			buildPhases = (
				93CFB3562918AEAC0014908C /* Sources */,
				93CFB3572918AEAC0014908C /* Frameworks */,
				93CFB3582918AEAC0014908C /* Resources */,
			);
			buildRules = (
			);
			dependencies = (
			);
			name = SeSACStudy;
			packageProductDependencies = (
				93CFB3962918D6C00014908C /* SnapKit */,
				9325E697291A737B00E94098 /* TextFieldEffects */,
				9325E69A291A7A7F00E94098 /* RxCocoa */,
				9325E69C291A7A7F00E94098 /* RxSwift */,
			);
			productName = SeSACStudy;
			productReference = 93CFB35A2918AEAC0014908C /* SeSACStudy.app */;
			productType = "com.apple.product-type.application";
		};
/* End PBXNativeTarget section */

/* Begin PBXProject section */
		93CFB3522918AEAC0014908C /* Project object */ = {
			isa = PBXProject;
			attributes = {
				BuildIndependentTargetsInParallel = 1;
				LastSwiftUpdateCheck = 1410;
				LastUpgradeCheck = 1410;
				TargetAttributes = {
					93CFB3592918AEAC0014908C = {
						CreatedOnToolsVersion = 14.1;
					};
				};
			};
			buildConfigurationList = 93CFB3552918AEAC0014908C /* Build configuration list for PBXProject "SeSACStudy" */;
			compatibilityVersion = "Xcode 14.0";
			developmentRegion = en;
			hasScannedForEncodings = 0;
			knownRegions = (
				en,
				Base,
			);
			mainGroup = 93CFB3512918AEAC0014908C;
			packageReferences = (
				93CFB3952918D6C00014908C /* XCRemoteSwiftPackageReference "SnapKit" */,
				9325E696291A737B00E94098 /* XCRemoteSwiftPackageReference "TextFieldEffects" */,
				9325E699291A7A7F00E94098 /* XCRemoteSwiftPackageReference "RxSwift" */,
			);
			productRefGroup = 93CFB35B2918AEAC0014908C /* Products */;
			projectDirPath = "";
			projectRoot = "";
			targets = (
				93CFB3592918AEAC0014908C /* SeSACStudy */,
			);
		};
/* End PBXProject section */

/* Begin PBXResourcesBuildPhase section */
		93CFB3582918AEAC0014908C /* Resources */ = {
			isa = PBXResourcesBuildPhase;
			buildActionMask = 2147483647;
			files = (
				93CFB3902918D3BE0014908C /* NotoSansKR-Black.otf in Resources */,
				93CFB3942918D3BE0014908C /* NotoSansKR-Regular.otf in Resources */,
				93CFB36A2918AEAE0014908C /* LaunchScreen.storyboard in Resources */,
				93CFB3932918D3BE0014908C /* Dongle-Bold.ttf in Resources */,
				93CFB3912918D3BE0014908C /* Dongle-Light.ttf in Resources */,
				93CFB38E2918D3BE0014908C /* NotoSansKR-Thin.otf in Resources */,
				93CFB38C2918D3BE0014908C /* NotoSansKR-Light.otf in Resources */,
				93CFB3672918AEAE0014908C /* Assets.xcassets in Resources */,
				93CFB38B2918D3BE0014908C /* Dongle-Regular.ttf in Resources */,
				93CFB38D2918D3BE0014908C /* NotoSansKR-Bold.otf in Resources */,
				93CFB38F2918D3BE0014908C /* OFL.txt in Resources */,
				93CFB3922918D3BE0014908C /* NotoSansKR-Medium.otf in Resources */,
				93CFB3652918AEAC0014908C /* Main.storyboard in Resources */,
			);
			runOnlyForDeploymentPostprocessing = 0;
		};
/* End PBXResourcesBuildPhase section */

/* Begin PBXSourcesBuildPhase section */
		93CFB3562918AEAC0014908C /* Sources */ = {
			isa = PBXSourcesBuildPhase;
			buildActionMask = 2147483647;
			files = (
				9325E692291A471000E94098 /* FirstOnboardingViewController.swift in Sources */,
				93CFB3622918AEAC0014908C /* ViewController.swift in Sources */,
				9325E69F291A856400E94098 /* AuthNumberViewController.swift in Sources */,
				937A1613291B740500656882 /* BirthView.swift in Sources */,
				93CFB3752918B38E0014908C /* BaseViewController.swift in Sources */,
				93CFB3772918B3950014908C /* BaseView.swift in Sources */,
				937A161E291BAE5E00656882 /* GenderViewController.swift in Sources */,
				9325E691291A471000E94098 /* OnBoardingView.swift in Sources */,
				9325E68B291A448E00E94098 /* PhoneNumberValidViewController.swift in Sources */,
				9325E6A1291B487E00E94098 /* UIView+Extensions.swift in Sources */,
				93CFB35E2918AEAC0014908C /* AppDelegate.swift in Sources */,
				9325E6A3291B6B9D00E94098 /* NicknameViewController.swift in Sources */,
				9325E689291A447100E94098 /* SignUpAndAuthView.swift in Sources */,
				9325E693291A471000E94098 /* CustomPageViewController.swift in Sources */,
				937A1618291BA61000656882 /* EmailViewController.swift in Sources */,
				937A1611291B73F600656882 /* BirthViewController.swift in Sources */,
				9325E690291A471000E94098 /* OnBoardingViewController.swift in Sources */,
				937A1615291B839D00656882 /* UITextField+Extensions.swift in Sources */,
				937A161B291BA74B00656882 /* AttributeString+Protocol.swift in Sources */,
				93CFB3602918AEAC0014908C /* SceneDelegate.swift in Sources */,
				93CFB37A2918C16A0014908C /* UIColor+Extensions.swift in Sources */,
			);
			runOnlyForDeploymentPostprocessing = 0;
		};
/* End PBXSourcesBuildPhase section */

/* Begin PBXVariantGroup section */
		93CFB3632918AEAC0014908C /* Main.storyboard */ = {
			isa = PBXVariantGroup;
			children = (
				93CFB3642918AEAC0014908C /* Base */,
			);
			name = Main.storyboard;
			sourceTree = "<group>";
		};
		93CFB3682918AEAE0014908C /* LaunchScreen.storyboard */ = {
			isa = PBXVariantGroup;
			children = (
				93CFB3692918AEAE0014908C /* Base */,
			);
			name = LaunchScreen.storyboard;
			sourceTree = "<group>";
		};
/* End PBXVariantGroup section */

/* Begin XCBuildConfiguration section */
		93CFB36C2918AEAE0014908C /* Debug */ = {
			isa = XCBuildConfiguration;
			buildSettings = {
				ALWAYS_SEARCH_USER_PATHS = NO;
				CLANG_ANALYZER_NONNULL = YES;
				CLANG_ANALYZER_NUMBER_OBJECT_CONVERSION = YES_AGGRESSIVE;
				CLANG_CXX_LANGUAGE_STANDARD = "gnu++20";
				CLANG_ENABLE_MODULES = YES;
				CLANG_ENABLE_OBJC_ARC = YES;
				CLANG_ENABLE_OBJC_WEAK = YES;
				CLANG_WARN_BLOCK_CAPTURE_AUTORELEASING = YES;
				CLANG_WARN_BOOL_CONVERSION = YES;
				CLANG_WARN_COMMA = YES;
				CLANG_WARN_CONSTANT_CONVERSION = YES;
				CLANG_WARN_DEPRECATED_OBJC_IMPLEMENTATIONS = YES;
				CLANG_WARN_DIRECT_OBJC_ISA_USAGE = YES_ERROR;
				CLANG_WARN_DOCUMENTATION_COMMENTS = YES;
				CLANG_WARN_EMPTY_BODY = YES;
				CLANG_WARN_ENUM_CONVERSION = YES;
				CLANG_WARN_INFINITE_RECURSION = YES;
				CLANG_WARN_INT_CONVERSION = YES;
				CLANG_WARN_NON_LITERAL_NULL_CONVERSION = YES;
				CLANG_WARN_OBJC_IMPLICIT_RETAIN_SELF = YES;
				CLANG_WARN_OBJC_LITERAL_CONVERSION = YES;
				CLANG_WARN_OBJC_ROOT_CLASS = YES_ERROR;
				CLANG_WARN_QUOTED_INCLUDE_IN_FRAMEWORK_HEADER = YES;
				CLANG_WARN_RANGE_LOOP_ANALYSIS = YES;
				CLANG_WARN_STRICT_PROTOTYPES = YES;
				CLANG_WARN_SUSPICIOUS_MOVE = YES;
				CLANG_WARN_UNGUARDED_AVAILABILITY = YES_AGGRESSIVE;
				CLANG_WARN_UNREACHABLE_CODE = YES;
				CLANG_WARN__DUPLICATE_METHOD_MATCH = YES;
				COPY_PHASE_STRIP = NO;
				DEBUG_INFORMATION_FORMAT = dwarf;
				ENABLE_STRICT_OBJC_MSGSEND = YES;
				ENABLE_TESTABILITY = YES;
				GCC_C_LANGUAGE_STANDARD = gnu11;
				GCC_DYNAMIC_NO_PIC = NO;
				GCC_NO_COMMON_BLOCKS = YES;
				GCC_OPTIMIZATION_LEVEL = 0;
				GCC_PREPROCESSOR_DEFINITIONS = (
					"DEBUG=1",
					"$(inherited)",
				);
				GCC_WARN_64_TO_32_BIT_CONVERSION = YES;
				GCC_WARN_ABOUT_RETURN_TYPE = YES_ERROR;
				GCC_WARN_UNDECLARED_SELECTOR = YES;
				GCC_WARN_UNINITIALIZED_AUTOS = YES_AGGRESSIVE;
				GCC_WARN_UNUSED_FUNCTION = YES;
				GCC_WARN_UNUSED_VARIABLE = YES;
				IPHONEOS_DEPLOYMENT_TARGET = 16.1;
				MTL_ENABLE_DEBUG_INFO = INCLUDE_SOURCE;
				MTL_FAST_MATH = YES;
				ONLY_ACTIVE_ARCH = YES;
				SDKROOT = iphoneos;
				SWIFT_ACTIVE_COMPILATION_CONDITIONS = DEBUG;
				SWIFT_OPTIMIZATION_LEVEL = "-Onone";
			};
			name = Debug;
		};
		93CFB36D2918AEAE0014908C /* Release */ = {
			isa = XCBuildConfiguration;
			buildSettings = {
				ALWAYS_SEARCH_USER_PATHS = NO;
				CLANG_ANALYZER_NONNULL = YES;
				CLANG_ANALYZER_NUMBER_OBJECT_CONVERSION = YES_AGGRESSIVE;
				CLANG_CXX_LANGUAGE_STANDARD = "gnu++20";
				CLANG_ENABLE_MODULES = YES;
				CLANG_ENABLE_OBJC_ARC = YES;
				CLANG_ENABLE_OBJC_WEAK = YES;
				CLANG_WARN_BLOCK_CAPTURE_AUTORELEASING = YES;
				CLANG_WARN_BOOL_CONVERSION = YES;
				CLANG_WARN_COMMA = YES;
				CLANG_WARN_CONSTANT_CONVERSION = YES;
				CLANG_WARN_DEPRECATED_OBJC_IMPLEMENTATIONS = YES;
				CLANG_WARN_DIRECT_OBJC_ISA_USAGE = YES_ERROR;
				CLANG_WARN_DOCUMENTATION_COMMENTS = YES;
				CLANG_WARN_EMPTY_BODY = YES;
				CLANG_WARN_ENUM_CONVERSION = YES;
				CLANG_WARN_INFINITE_RECURSION = YES;
				CLANG_WARN_INT_CONVERSION = YES;
				CLANG_WARN_NON_LITERAL_NULL_CONVERSION = YES;
				CLANG_WARN_OBJC_IMPLICIT_RETAIN_SELF = YES;
				CLANG_WARN_OBJC_LITERAL_CONVERSION = YES;
				CLANG_WARN_OBJC_ROOT_CLASS = YES_ERROR;
				CLANG_WARN_QUOTED_INCLUDE_IN_FRAMEWORK_HEADER = YES;
				CLANG_WARN_RANGE_LOOP_ANALYSIS = YES;
				CLANG_WARN_STRICT_PROTOTYPES = YES;
				CLANG_WARN_SUSPICIOUS_MOVE = YES;
				CLANG_WARN_UNGUARDED_AVAILABILITY = YES_AGGRESSIVE;
				CLANG_WARN_UNREACHABLE_CODE = YES;
				CLANG_WARN__DUPLICATE_METHOD_MATCH = YES;
				COPY_PHASE_STRIP = NO;
				DEBUG_INFORMATION_FORMAT = "dwarf-with-dsym";
				ENABLE_NS_ASSERTIONS = NO;
				ENABLE_STRICT_OBJC_MSGSEND = YES;
				GCC_C_LANGUAGE_STANDARD = gnu11;
				GCC_NO_COMMON_BLOCKS = YES;
				GCC_WARN_64_TO_32_BIT_CONVERSION = YES;
				GCC_WARN_ABOUT_RETURN_TYPE = YES_ERROR;
				GCC_WARN_UNDECLARED_SELECTOR = YES;
				GCC_WARN_UNINITIALIZED_AUTOS = YES_AGGRESSIVE;
				GCC_WARN_UNUSED_FUNCTION = YES;
				GCC_WARN_UNUSED_VARIABLE = YES;
				IPHONEOS_DEPLOYMENT_TARGET = 16.1;
				MTL_ENABLE_DEBUG_INFO = NO;
				MTL_FAST_MATH = YES;
				SDKROOT = iphoneos;
				SWIFT_COMPILATION_MODE = wholemodule;
				SWIFT_OPTIMIZATION_LEVEL = "-O";
				VALIDATE_PRODUCT = YES;
			};
			name = Release;
		};
		93CFB36F2918AEAE0014908C /* Debug */ = {
			isa = XCBuildConfiguration;
			buildSettings = {
				ASSETCATALOG_COMPILER_APPICON_NAME = AppIcon;
				ASSETCATALOG_COMPILER_GLOBAL_ACCENT_COLOR_NAME = AccentColor;
				CODE_SIGN_STYLE = Automatic;
				CURRENT_PROJECT_VERSION = 1;
				DEVELOPMENT_TEAM = FQ63CT4A3G;
				GENERATE_INFOPLIST_FILE = YES;
				INFOPLIST_FILE = SeSACStudy/Info.plist;
				INFOPLIST_KEY_UIApplicationSupportsIndirectInputEvents = YES;
				INFOPLIST_KEY_UILaunchStoryboardName = LaunchScreen;
				INFOPLIST_KEY_UIMainStoryboardFile = Main;
				INFOPLIST_KEY_UISupportedInterfaceOrientations_iPad = "UIInterfaceOrientationPortrait UIInterfaceOrientationPortraitUpsideDown UIInterfaceOrientationLandscapeLeft UIInterfaceOrientationLandscapeRight";
				INFOPLIST_KEY_UISupportedInterfaceOrientations_iPhone = "UIInterfaceOrientationPortrait UIInterfaceOrientationLandscapeLeft UIInterfaceOrientationLandscapeRight";
				LD_RUNPATH_SEARCH_PATHS = (
					"$(inherited)",
					"@executable_path/Frameworks",
				);
				MARKETING_VERSION = 1.0;
				PRODUCT_BUNDLE_IDENTIFIER = com.tekim.sesacslp;
				PRODUCT_NAME = "$(TARGET_NAME)";
				SWIFT_EMIT_LOC_STRINGS = YES;
				SWIFT_VERSION = 5.0;
				TARGETED_DEVICE_FAMILY = "1,2";
			};
			name = Debug;
		};
		93CFB3702918AEAE0014908C /* Release */ = {
			isa = XCBuildConfiguration;
			buildSettings = {
				ASSETCATALOG_COMPILER_APPICON_NAME = AppIcon;
				ASSETCATALOG_COMPILER_GLOBAL_ACCENT_COLOR_NAME = AccentColor;
				CODE_SIGN_STYLE = Automatic;
				CURRENT_PROJECT_VERSION = 1;
				DEVELOPMENT_TEAM = FQ63CT4A3G;
				GENERATE_INFOPLIST_FILE = YES;
				INFOPLIST_FILE = SeSACStudy/Info.plist;
				INFOPLIST_KEY_UIApplicationSupportsIndirectInputEvents = YES;
				INFOPLIST_KEY_UILaunchStoryboardName = LaunchScreen;
				INFOPLIST_KEY_UIMainStoryboardFile = Main;
				INFOPLIST_KEY_UISupportedInterfaceOrientations_iPad = "UIInterfaceOrientationPortrait UIInterfaceOrientationPortraitUpsideDown UIInterfaceOrientationLandscapeLeft UIInterfaceOrientationLandscapeRight";
				INFOPLIST_KEY_UISupportedInterfaceOrientations_iPhone = "UIInterfaceOrientationPortrait UIInterfaceOrientationLandscapeLeft UIInterfaceOrientationLandscapeRight";
				LD_RUNPATH_SEARCH_PATHS = (
					"$(inherited)",
					"@executable_path/Frameworks",
				);
				MARKETING_VERSION = 1.0;
				PRODUCT_BUNDLE_IDENTIFIER = com.tekim.sesacslp;
				PRODUCT_NAME = "$(TARGET_NAME)";
				SWIFT_EMIT_LOC_STRINGS = YES;
				SWIFT_VERSION = 5.0;
				TARGETED_DEVICE_FAMILY = "1,2";
			};
			name = Release;
		};
/* End XCBuildConfiguration section */

/* Begin XCConfigurationList section */
		93CFB3552918AEAC0014908C /* Build configuration list for PBXProject "SeSACStudy" */ = {
			isa = XCConfigurationList;
			buildConfigurations = (
				93CFB36C2918AEAE0014908C /* Debug */,
				93CFB36D2918AEAE0014908C /* Release */,
			);
			defaultConfigurationIsVisible = 0;
			defaultConfigurationName = Release;
		};
		93CFB36E2918AEAE0014908C /* Build configuration list for PBXNativeTarget "SeSACStudy" */ = {
			isa = XCConfigurationList;
			buildConfigurations = (
				93CFB36F2918AEAE0014908C /* Debug */,
				93CFB3702918AEAE0014908C /* Release */,
			);
			defaultConfigurationIsVisible = 0;
			defaultConfigurationName = Release;
		};
/* End XCConfigurationList section */

/* Begin XCRemoteSwiftPackageReference section */
		9325E696291A737B00E94098 /* XCRemoteSwiftPackageReference "TextFieldEffects" */ = {
			isa = XCRemoteSwiftPackageReference;
			repositoryURL = "https://github.com/raulriera/TextFieldEffects.git";
			requirement = {
				kind = upToNextMajorVersion;
				minimumVersion = 1.0.0;
			};
		};
		9325E699291A7A7F00E94098 /* XCRemoteSwiftPackageReference "RxSwift" */ = {
			isa = XCRemoteSwiftPackageReference;
			repositoryURL = "https://github.com/ReactiveX/RxSwift.git";
			requirement = {
				kind = upToNextMajorVersion;
				minimumVersion = 6.0.0;
			};
		};
		93CFB3952918D6C00014908C /* XCRemoteSwiftPackageReference "SnapKit" */ = {
			isa = XCRemoteSwiftPackageReference;
			repositoryURL = "https://github.com/SnapKit/SnapKit.git";
			requirement = {
				kind = upToNextMajorVersion;
				minimumVersion = 5.0.0;
			};
		};
/* End XCRemoteSwiftPackageReference section */

/* Begin XCSwiftPackageProductDependency section */
		9325E697291A737B00E94098 /* TextFieldEffects */ = {
			isa = XCSwiftPackageProductDependency;
			package = 9325E696291A737B00E94098 /* XCRemoteSwiftPackageReference "TextFieldEffects" */;
			productName = TextFieldEffects;
		};
		9325E69A291A7A7F00E94098 /* RxCocoa */ = {
			isa = XCSwiftPackageProductDependency;
			package = 9325E699291A7A7F00E94098 /* XCRemoteSwiftPackageReference "RxSwift" */;
			productName = RxCocoa;
		};
		9325E69C291A7A7F00E94098 /* RxSwift */ = {
			isa = XCSwiftPackageProductDependency;
			package = 9325E699291A7A7F00E94098 /* XCRemoteSwiftPackageReference "RxSwift" */;
			productName = RxSwift;
		};
		93CFB3962918D6C00014908C /* SnapKit */ = {
			isa = XCSwiftPackageProductDependency;
			package = 93CFB3952918D6C00014908C /* XCRemoteSwiftPackageReference "SnapKit" */;
			productName = SnapKit;
		};
/* End XCSwiftPackageProductDependency section */
	};
	rootObject = 93CFB3522918AEAC0014908C /* Project object */;
}
