// !$*UTF8*$!
{
	archiveVersion = 1;
	classes = {
	};
	objectVersion = 56;
	objects = {

/* Begin PBXBuildFile section */
		93168ADA2924FBC200AAFE82 /* CustomAnnotationView.swift in Sources */ = {isa = PBXBuildFile; fileRef = 93168AD92924FBC200AAFE82 /* CustomAnnotationView.swift */; };
		9325E690291A471000E94098 /* OnBoardingViewController.swift in Sources */ = {isa = PBXBuildFile; fileRef = 9325E68C291A471000E94098 /* OnBoardingViewController.swift */; };
		9325E691291A471000E94098 /* OnBoardingView.swift in Sources */ = {isa = PBXBuildFile; fileRef = 9325E68D291A471000E94098 /* OnBoardingView.swift */; };
		9325E692291A471000E94098 /* FirstOnboardingViewController.swift in Sources */ = {isa = PBXBuildFile; fileRef = 9325E68E291A471000E94098 /* FirstOnboardingViewController.swift */; };
		9325E693291A471000E94098 /* CustomPageViewController.swift in Sources */ = {isa = PBXBuildFile; fileRef = 9325E68F291A471000E94098 /* CustomPageViewController.swift */; };
		9325E69B291A7A7F00E94098 /* RxCocoa in Frameworks */ = {isa = PBXBuildFile; productRef = 9325E69A291A7A7F00E94098 /* RxCocoa */; };
		9325E69D291A7A7F00E94098 /* RxSwift in Frameworks */ = {isa = PBXBuildFile; productRef = 9325E69C291A7A7F00E94098 /* RxSwift */; };
		9325E6A1291B487E00E94098 /* UIView+Extensions.swift in Sources */ = {isa = PBXBuildFile; fileRef = 9325E6A0291B487E00E94098 /* UIView+Extensions.swift */; };
		9371046729247F8A0024DA4C /* WithdrawPopUpViewController.swift in Sources */ = {isa = PBXBuildFile; fileRef = 9371046629247F8A0024DA4C /* WithdrawPopUpViewController.swift */; };
		9371046A292480290024DA4C /* WithdrawPopUpView.swift in Sources */ = {isa = PBXBuildFile; fileRef = 93710469292480290024DA4C /* WithdrawPopUpView.swift */; };
		9371046D29249C110024DA4C /* MultiSlider in Frameworks */ = {isa = PBXBuildFile; productRef = 9371046C29249C110024DA4C /* MultiSlider */; };
		9371046F2924A5D90024DA4C /* LaunchScreenViewController.swift in Sources */ = {isa = PBXBuildFile; fileRef = 9371046E2924A5D90024DA4C /* LaunchScreenViewController.swift */; };
		937104722924A61F0024DA4C /* LaunchScreenView.swift in Sources */ = {isa = PBXBuildFile; fileRef = 937104712924A61F0024DA4C /* LaunchScreenView.swift */; };
		937104752924B5DB0024DA4C /* NetworkModel.swift in Sources */ = {isa = PBXBuildFile; fileRef = 937104742924B5DB0024DA4C /* NetworkModel.swift */; };
		937104772924D1610024DA4C /* MainView.swift in Sources */ = {isa = PBXBuildFile; fileRef = 937104762924D1610024DA4C /* MainView.swift */; };
		937A1615291B839D00656882 /* UITextField+Extensions.swift in Sources */ = {isa = PBXBuildFile; fileRef = 937A1614291B839D00656882 /* UITextField+Extensions.swift */; };
		937A161B291BA74B00656882 /* AttributeString+Protocol.swift in Sources */ = {isa = PBXBuildFile; fileRef = 937A161A291BA74B00656882 /* AttributeString+Protocol.swift */; };
		938ADFBE291CD0F200ED799C /* AuthManager.swift in Sources */ = {isa = PBXBuildFile; fileRef = 938ADFBD291CD0F200ED799C /* AuthManager.swift */; };
		938ADFC6291CEA0600ED799C /* TokenManager.swift in Sources */ = {isa = PBXBuildFile; fileRef = 938ADFC5291CEA0600ED799C /* TokenManager.swift */; };
		938ADFC9291CED0500ED799C /* FirebaseAuth in Frameworks */ = {isa = PBXBuildFile; productRef = 938ADFC8291CED0500ED799C /* FirebaseAuth */; };
		938ADFCB291CED0500ED799C /* FirebaseMessaging in Frameworks */ = {isa = PBXBuildFile; productRef = 938ADFCA291CED0500ED799C /* FirebaseMessaging */; };
		938ADFCD291CF6B000ED799C /* GoogleService-Info.plist in Resources */ = {isa = PBXBuildFile; fileRef = 938ADFCC291CF6B000ED799C /* GoogleService-Info.plist */; };
		938ADFDE291CF99B00ED799C /* LoginViewModel.swift in Sources */ = {isa = PBXBuildFile; fileRef = 938ADFCF291CF99B00ED799C /* LoginViewModel.swift */; };
		938ADFDF291CF99B00ED799C /* EmailViewController.swift in Sources */ = {isa = PBXBuildFile; fileRef = 938ADFD1291CF99B00ED799C /* EmailViewController.swift */; };
		938ADFE0291CF99B00ED799C /* BirthView.swift in Sources */ = {isa = PBXBuildFile; fileRef = 938ADFD3291CF99B00ED799C /* BirthView.swift */; };
		938ADFE1291CF99B00ED799C /* BirthViewController.swift in Sources */ = {isa = PBXBuildFile; fileRef = 938ADFD4291CF99B00ED799C /* BirthViewController.swift */; };
		938ADFE2291CF99B00ED799C /* SignUpAndAuthView.swift in Sources */ = {isa = PBXBuildFile; fileRef = 938ADFD5291CF99B00ED799C /* SignUpAndAuthView.swift */; };
		938ADFE3291CF99B00ED799C /* NicknameViewController.swift in Sources */ = {isa = PBXBuildFile; fileRef = 938ADFD7291CF99B00ED799C /* NicknameViewController.swift */; };
		938ADFE4291CF99B00ED799C /* PhoneNumberValidViewController.swift in Sources */ = {isa = PBXBuildFile; fileRef = 938ADFD9291CF99B00ED799C /* PhoneNumberValidViewController.swift */; };
		938ADFE5291CF99B00ED799C /* AuthNumberViewController.swift in Sources */ = {isa = PBXBuildFile; fileRef = 938ADFDB291CF99B00ED799C /* AuthNumberViewController.swift */; };
		938ADFE6291CF99B00ED799C /* GenderViewController.swift in Sources */ = {isa = PBXBuildFile; fileRef = 938ADFDD291CF99B00ED799C /* GenderViewController.swift */; };
		938ADFE9291CFAE000ED799C /* MainViewController.swift in Sources */ = {isa = PBXBuildFile; fileRef = 938ADFE8291CFAE000ED799C /* MainViewController.swift */; };
		938ADFEC291D028000ED799C /* Alamofire in Frameworks */ = {isa = PBXBuildFile; productRef = 938ADFEB291D028000ED799C /* Alamofire */; };
		938ADFEE291D031200ED799C /* APIManager.swift in Sources */ = {isa = PBXBuildFile; fileRef = 938ADFED291D031200ED799C /* APIManager.swift */; };
		938ADFF1291D03A100ED799C /* SwiftyJSON in Frameworks */ = {isa = PBXBuildFile; productRef = 938ADFF0291D03A100ED799C /* SwiftyJSON */; };
		938ADFF4291E201200ED799C /* Toast in Frameworks */ = {isa = PBXBuildFile; productRef = 938ADFF3291E201200ED799C /* Toast */; };
		938ADFF7291E20FC00ED799C /* Toast.swift in Sources */ = {isa = PBXBuildFile; fileRef = 938ADFF6291E20FC00ED799C /* Toast.swift */; };
		938ADFFB2921FFE500ED799C /* ProfileViewController.swift in Sources */ = {isa = PBXBuildFile; fileRef = 938ADFFA2921FFE500ED799C /* ProfileViewController.swift */; };
		938ADFFD2921FFEB00ED799C /* ProfileView.swift in Sources */ = {isa = PBXBuildFile; fileRef = 938ADFFC2921FFEB00ED799C /* ProfileView.swift */; };
		93931A9029234E9900FAF099 /* GenderCell.swift in Sources */ = {isa = PBXBuildFile; fileRef = 93931A8F29234E9900FAF099 /* GenderCell.swift */; };
		93931A922923868500FAF099 /* UIButton+Extensions.swift in Sources */ = {isa = PBXBuildFile; fileRef = 93931A912923868500FAF099 /* UIButton+Extensions.swift */; };
		93931A94292389E300FAF099 /* UIStackView+Extensions.swift in Sources */ = {isa = PBXBuildFile; fileRef = 93931A93292389E300FAF099 /* UIStackView+Extensions.swift */; };
		93931A962923C44400FAF099 /* StudyCell.swift in Sources */ = {isa = PBXBuildFile; fileRef = 93931A952923C44400FAF099 /* StudyCell.swift */; };
		93931A982923C65000FAF099 /* PhoneNumberPermitCell.swift in Sources */ = {isa = PBXBuildFile; fileRef = 93931A972923C65000FAF099 /* PhoneNumberPermitCell.swift */; };
		93931A9A2923C7CA00FAF099 /* AgeCell.swift in Sources */ = {isa = PBXBuildFile; fileRef = 93931A992923C7CA00FAF099 /* AgeCell.swift */; };
		93CFB35E2918AEAC0014908C /* AppDelegate.swift in Sources */ = {isa = PBXBuildFile; fileRef = 93CFB35D2918AEAC0014908C /* AppDelegate.swift */; };
		93CFB3602918AEAC0014908C /* SceneDelegate.swift in Sources */ = {isa = PBXBuildFile; fileRef = 93CFB35F2918AEAC0014908C /* SceneDelegate.swift */; };
		93CFB3622918AEAC0014908C /* TabBarController.swift in Sources */ = {isa = PBXBuildFile; fileRef = 93CFB3612918AEAC0014908C /* TabBarController.swift */; };
		93CFB3652918AEAC0014908C /* Main.storyboard in Resources */ = {isa = PBXBuildFile; fileRef = 93CFB3632918AEAC0014908C /* Main.storyboard */; };
		93CFB3672918AEAE0014908C /* Assets.xcassets in Resources */ = {isa = PBXBuildFile; fileRef = 93CFB3662918AEAE0014908C /* Assets.xcassets */; };
		93CFB36A2918AEAE0014908C /* LaunchScreen.storyboard in Resources */ = {isa = PBXBuildFile; fileRef = 93CFB3682918AEAE0014908C /* LaunchScreen.storyboard */; };
		93CFB3752918B38E0014908C /* BaseViewController.swift in Sources */ = {isa = PBXBuildFile; fileRef = 93CFB3742918B38E0014908C /* BaseViewController.swift */; };
		93CFB3772918B3950014908C /* BaseView.swift in Sources */ = {isa = PBXBuildFile; fileRef = 93CFB3762918B3950014908C /* BaseView.swift */; };
		93CFB37A2918C16A0014908C /* UIColor+Extensions.swift in Sources */ = {isa = PBXBuildFile; fileRef = 93CFB3792918C16A0014908C /* UIColor+Extensions.swift */; };
		93CFB38B2918D3BE0014908C /* Dongle-Regular.ttf in Resources */ = {isa = PBXBuildFile; fileRef = 93CFB3812918D3BE0014908C /* Dongle-Regular.ttf */; };
		93CFB38C2918D3BE0014908C /* NotoSansKR-Light.otf in Resources */ = {isa = PBXBuildFile; fileRef = 93CFB3822918D3BE0014908C /* NotoSansKR-Light.otf */; };
		93CFB38D2918D3BE0014908C /* NotoSansKR-Bold.otf in Resources */ = {isa = PBXBuildFile; fileRef = 93CFB3832918D3BE0014908C /* NotoSansKR-Bold.otf */; };
		93CFB38E2918D3BE0014908C /* NotoSansKR-Thin.otf in Resources */ = {isa = PBXBuildFile; fileRef = 93CFB3842918D3BE0014908C /* NotoSansKR-Thin.otf */; };
		93CFB38F2918D3BE0014908C /* OFL.txt in Resources */ = {isa = PBXBuildFile; fileRef = 93CFB3852918D3BE0014908C /* OFL.txt */; };
		93CFB3902918D3BE0014908C /* NotoSansKR-Black.otf in Resources */ = {isa = PBXBuildFile; fileRef = 93CFB3862918D3BE0014908C /* NotoSansKR-Black.otf */; };
		93CFB3912918D3BE0014908C /* Dongle-Light.ttf in Resources */ = {isa = PBXBuildFile; fileRef = 93CFB3872918D3BE0014908C /* Dongle-Light.ttf */; };
		93CFB3922918D3BE0014908C /* NotoSansKR-Medium.otf in Resources */ = {isa = PBXBuildFile; fileRef = 93CFB3882918D3BE0014908C /* NotoSansKR-Medium.otf */; };
		93CFB3932918D3BE0014908C /* Dongle-Bold.ttf in Resources */ = {isa = PBXBuildFile; fileRef = 93CFB3892918D3BE0014908C /* Dongle-Bold.ttf */; };
		93CFB3942918D3BE0014908C /* NotoSansKR-Regular.otf in Resources */ = {isa = PBXBuildFile; fileRef = 93CFB38A2918D3BE0014908C /* NotoSansKR-Regular.otf */; };
		93CFB3972918D6C00014908C /* SnapKit in Frameworks */ = {isa = PBXBuildFile; productRef = 93CFB3962918D6C00014908C /* SnapKit */; };
		93E2164129223C560039A57A /* ProfileViewCell.swift in Sources */ = {isa = PBXBuildFile; fileRef = 93E2164029223C560039A57A /* ProfileViewCell.swift */; };
		93E2164329224F940039A57A /* ProfileHeaderView.swift in Sources */ = {isa = PBXBuildFile; fileRef = 93E2164229224F940039A57A /* ProfileHeaderView.swift */; };
		93E21647292252070039A57A /* ManageInfoViewController.swift in Sources */ = {isa = PBXBuildFile; fileRef = 93E21646292252070039A57A /* ManageInfoViewController.swift */; };
		93E21649292252910039A57A /* ManageInfoView.swift in Sources */ = {isa = PBXBuildFile; fileRef = 93E21648292252910039A57A /* ManageInfoView.swift */; };
		93E2164D29225B640039A57A /* ExpandableCell.swift in Sources */ = {isa = PBXBuildFile; fileRef = 93E2164C29225B640039A57A /* ExpandableCell.swift */; };
		93E2164F29225BBF0039A57A /* BaseCollectionViewCell.swift in Sources */ = {isa = PBXBuildFile; fileRef = 93E2164E29225BBF0039A57A /* BaseCollectionViewCell.swift */; };
/* End PBXBuildFile section */

/* Begin PBXFileReference section */
		93168AD92924FBC200AAFE82 /* CustomAnnotationView.swift */ = {isa = PBXFileReference; lastKnownFileType = sourcecode.swift; path = CustomAnnotationView.swift; sourceTree = "<group>"; };
		9325E68C291A471000E94098 /* OnBoardingViewController.swift */ = {isa = PBXFileReference; fileEncoding = 4; lastKnownFileType = sourcecode.swift; path = OnBoardingViewController.swift; sourceTree = "<group>"; };
		9325E68D291A471000E94098 /* OnBoardingView.swift */ = {isa = PBXFileReference; fileEncoding = 4; lastKnownFileType = sourcecode.swift; path = OnBoardingView.swift; sourceTree = "<group>"; };
		9325E68E291A471000E94098 /* FirstOnboardingViewController.swift */ = {isa = PBXFileReference; fileEncoding = 4; lastKnownFileType = sourcecode.swift; path = FirstOnboardingViewController.swift; sourceTree = "<group>"; };
		9325E68F291A471000E94098 /* CustomPageViewController.swift */ = {isa = PBXFileReference; fileEncoding = 4; lastKnownFileType = sourcecode.swift; path = CustomPageViewController.swift; sourceTree = "<group>"; };
		9325E6A0291B487E00E94098 /* UIView+Extensions.swift */ = {isa = PBXFileReference; lastKnownFileType = sourcecode.swift; path = "UIView+Extensions.swift"; sourceTree = "<group>"; };
		9371046629247F8A0024DA4C /* WithdrawPopUpViewController.swift */ = {isa = PBXFileReference; lastKnownFileType = sourcecode.swift; path = WithdrawPopUpViewController.swift; sourceTree = "<group>"; };
		93710469292480290024DA4C /* WithdrawPopUpView.swift */ = {isa = PBXFileReference; lastKnownFileType = sourcecode.swift; path = WithdrawPopUpView.swift; sourceTree = "<group>"; };
		9371046E2924A5D90024DA4C /* LaunchScreenViewController.swift */ = {isa = PBXFileReference; lastKnownFileType = sourcecode.swift; path = LaunchScreenViewController.swift; sourceTree = "<group>"; };
		937104712924A61F0024DA4C /* LaunchScreenView.swift */ = {isa = PBXFileReference; lastKnownFileType = sourcecode.swift; path = LaunchScreenView.swift; sourceTree = "<group>"; };
		937104742924B5DB0024DA4C /* NetworkModel.swift */ = {isa = PBXFileReference; lastKnownFileType = sourcecode.swift; path = NetworkModel.swift; sourceTree = "<group>"; };
		937104762924D1610024DA4C /* MainView.swift */ = {isa = PBXFileReference; lastKnownFileType = sourcecode.swift; path = MainView.swift; sourceTree = "<group>"; };
		937A1614291B839D00656882 /* UITextField+Extensions.swift */ = {isa = PBXFileReference; lastKnownFileType = sourcecode.swift; path = "UITextField+Extensions.swift"; sourceTree = "<group>"; };
		937A161A291BA74B00656882 /* AttributeString+Protocol.swift */ = {isa = PBXFileReference; lastKnownFileType = sourcecode.swift; path = "AttributeString+Protocol.swift"; sourceTree = "<group>"; };
		938ADFBD291CD0F200ED799C /* AuthManager.swift */ = {isa = PBXFileReference; lastKnownFileType = sourcecode.swift; path = AuthManager.swift; sourceTree = "<group>"; };
		938ADFBF291CE20000ED799C /* SeSACStudy.entitlements */ = {isa = PBXFileReference; lastKnownFileType = text.plist.entitlements; path = SeSACStudy.entitlements; sourceTree = "<group>"; };
		938ADFC5291CEA0600ED799C /* TokenManager.swift */ = {isa = PBXFileReference; lastKnownFileType = sourcecode.swift; path = TokenManager.swift; sourceTree = "<group>"; };
		938ADFCC291CF6B000ED799C /* GoogleService-Info.plist */ = {isa = PBXFileReference; fileEncoding = 4; lastKnownFileType = text.plist.xml; path = "GoogleService-Info.plist"; sourceTree = "<group>"; };
		938ADFCF291CF99B00ED799C /* LoginViewModel.swift */ = {isa = PBXFileReference; fileEncoding = 4; lastKnownFileType = sourcecode.swift; path = LoginViewModel.swift; sourceTree = "<group>"; };
		938ADFD1291CF99B00ED799C /* EmailViewController.swift */ = {isa = PBXFileReference; fileEncoding = 4; lastKnownFileType = sourcecode.swift; path = EmailViewController.swift; sourceTree = "<group>"; };
		938ADFD3291CF99B00ED799C /* BirthView.swift */ = {isa = PBXFileReference; fileEncoding = 4; lastKnownFileType = sourcecode.swift; path = BirthView.swift; sourceTree = "<group>"; };
		938ADFD4291CF99B00ED799C /* BirthViewController.swift */ = {isa = PBXFileReference; fileEncoding = 4; lastKnownFileType = sourcecode.swift; path = BirthViewController.swift; sourceTree = "<group>"; };
		938ADFD5291CF99B00ED799C /* SignUpAndAuthView.swift */ = {isa = PBXFileReference; fileEncoding = 4; lastKnownFileType = sourcecode.swift; path = SignUpAndAuthView.swift; sourceTree = "<group>"; };
		938ADFD7291CF99B00ED799C /* NicknameViewController.swift */ = {isa = PBXFileReference; fileEncoding = 4; lastKnownFileType = sourcecode.swift; path = NicknameViewController.swift; sourceTree = "<group>"; };
		938ADFD9291CF99B00ED799C /* PhoneNumberValidViewController.swift */ = {isa = PBXFileReference; fileEncoding = 4; lastKnownFileType = sourcecode.swift; path = PhoneNumberValidViewController.swift; sourceTree = "<group>"; };
		938ADFDB291CF99B00ED799C /* AuthNumberViewController.swift */ = {isa = PBXFileReference; fileEncoding = 4; lastKnownFileType = sourcecode.swift; path = AuthNumberViewController.swift; sourceTree = "<group>"; };
		938ADFDD291CF99B00ED799C /* GenderViewController.swift */ = {isa = PBXFileReference; fileEncoding = 4; lastKnownFileType = sourcecode.swift; path = GenderViewController.swift; sourceTree = "<group>"; };
		938ADFE8291CFAE000ED799C /* MainViewController.swift */ = {isa = PBXFileReference; lastKnownFileType = sourcecode.swift; path = MainViewController.swift; sourceTree = "<group>"; };
		938ADFED291D031200ED799C /* APIManager.swift */ = {isa = PBXFileReference; lastKnownFileType = sourcecode.swift; path = APIManager.swift; sourceTree = "<group>"; };
		938ADFF6291E20FC00ED799C /* Toast.swift */ = {isa = PBXFileReference; lastKnownFileType = sourcecode.swift; path = Toast.swift; sourceTree = "<group>"; };
		938ADFFA2921FFE500ED799C /* ProfileViewController.swift */ = {isa = PBXFileReference; lastKnownFileType = sourcecode.swift; path = ProfileViewController.swift; sourceTree = "<group>"; };
		938ADFFC2921FFEB00ED799C /* ProfileView.swift */ = {isa = PBXFileReference; lastKnownFileType = sourcecode.swift; path = ProfileView.swift; sourceTree = "<group>"; };
		93931A8F29234E9900FAF099 /* GenderCell.swift */ = {isa = PBXFileReference; lastKnownFileType = sourcecode.swift; path = GenderCell.swift; sourceTree = "<group>"; };
		93931A912923868500FAF099 /* UIButton+Extensions.swift */ = {isa = PBXFileReference; lastKnownFileType = sourcecode.swift; path = "UIButton+Extensions.swift"; sourceTree = "<group>"; };
		93931A93292389E300FAF099 /* UIStackView+Extensions.swift */ = {isa = PBXFileReference; lastKnownFileType = sourcecode.swift; path = "UIStackView+Extensions.swift"; sourceTree = "<group>"; };
		93931A952923C44400FAF099 /* StudyCell.swift */ = {isa = PBXFileReference; lastKnownFileType = sourcecode.swift; path = StudyCell.swift; sourceTree = "<group>"; };
		93931A972923C65000FAF099 /* PhoneNumberPermitCell.swift */ = {isa = PBXFileReference; lastKnownFileType = sourcecode.swift; path = PhoneNumberPermitCell.swift; sourceTree = "<group>"; };
		93931A992923C7CA00FAF099 /* AgeCell.swift */ = {isa = PBXFileReference; lastKnownFileType = sourcecode.swift; path = AgeCell.swift; sourceTree = "<group>"; };
		93CFB35A2918AEAC0014908C /* SeSACStudy.app */ = {isa = PBXFileReference; explicitFileType = wrapper.application; includeInIndex = 0; path = SeSACStudy.app; sourceTree = BUILT_PRODUCTS_DIR; };
		93CFB35D2918AEAC0014908C /* AppDelegate.swift */ = {isa = PBXFileReference; lastKnownFileType = sourcecode.swift; path = AppDelegate.swift; sourceTree = "<group>"; };
		93CFB35F2918AEAC0014908C /* SceneDelegate.swift */ = {isa = PBXFileReference; lastKnownFileType = sourcecode.swift; path = SceneDelegate.swift; sourceTree = "<group>"; };
		93CFB3612918AEAC0014908C /* TabBarController.swift */ = {isa = PBXFileReference; lastKnownFileType = sourcecode.swift; path = TabBarController.swift; sourceTree = "<group>"; };
		93CFB3642918AEAC0014908C /* Base */ = {isa = PBXFileReference; lastKnownFileType = file.storyboard; name = Base; path = Base.lproj/Main.storyboard; sourceTree = "<group>"; };
		93CFB3662918AEAE0014908C /* Assets.xcassets */ = {isa = PBXFileReference; lastKnownFileType = folder.assetcatalog; path = Assets.xcassets; sourceTree = "<group>"; };
		93CFB3692918AEAE0014908C /* Base */ = {isa = PBXFileReference; lastKnownFileType = file.storyboard; name = Base; path = Base.lproj/LaunchScreen.storyboard; sourceTree = "<group>"; };
		93CFB36B2918AEAE0014908C /* Info.plist */ = {isa = PBXFileReference; lastKnownFileType = text.plist.xml; path = Info.plist; sourceTree = "<group>"; };
		93CFB3742918B38E0014908C /* BaseViewController.swift */ = {isa = PBXFileReference; lastKnownFileType = sourcecode.swift; path = BaseViewController.swift; sourceTree = "<group>"; };
		93CFB3762918B3950014908C /* BaseView.swift */ = {isa = PBXFileReference; lastKnownFileType = sourcecode.swift; path = BaseView.swift; sourceTree = "<group>"; };
		93CFB3792918C16A0014908C /* UIColor+Extensions.swift */ = {isa = PBXFileReference; lastKnownFileType = sourcecode.swift; path = "UIColor+Extensions.swift"; sourceTree = "<group>"; };
		93CFB3812918D3BE0014908C /* Dongle-Regular.ttf */ = {isa = PBXFileReference; lastKnownFileType = file; path = "Dongle-Regular.ttf"; sourceTree = "<group>"; };
		93CFB3822918D3BE0014908C /* NotoSansKR-Light.otf */ = {isa = PBXFileReference; lastKnownFileType = file; path = "NotoSansKR-Light.otf"; sourceTree = "<group>"; };
		93CFB3832918D3BE0014908C /* NotoSansKR-Bold.otf */ = {isa = PBXFileReference; lastKnownFileType = file; path = "NotoSansKR-Bold.otf"; sourceTree = "<group>"; };
		93CFB3842918D3BE0014908C /* NotoSansKR-Thin.otf */ = {isa = PBXFileReference; lastKnownFileType = file; path = "NotoSansKR-Thin.otf"; sourceTree = "<group>"; };
		93CFB3852918D3BE0014908C /* OFL.txt */ = {isa = PBXFileReference; fileEncoding = 4; lastKnownFileType = text; path = OFL.txt; sourceTree = "<group>"; };
		93CFB3862918D3BE0014908C /* NotoSansKR-Black.otf */ = {isa = PBXFileReference; lastKnownFileType = file; path = "NotoSansKR-Black.otf"; sourceTree = "<group>"; };
		93CFB3872918D3BE0014908C /* Dongle-Light.ttf */ = {isa = PBXFileReference; lastKnownFileType = file; path = "Dongle-Light.ttf"; sourceTree = "<group>"; };
		93CFB3882918D3BE0014908C /* NotoSansKR-Medium.otf */ = {isa = PBXFileReference; lastKnownFileType = file; path = "NotoSansKR-Medium.otf"; sourceTree = "<group>"; };
		93CFB3892918D3BE0014908C /* Dongle-Bold.ttf */ = {isa = PBXFileReference; lastKnownFileType = file; path = "Dongle-Bold.ttf"; sourceTree = "<group>"; };
		93CFB38A2918D3BE0014908C /* NotoSansKR-Regular.otf */ = {isa = PBXFileReference; lastKnownFileType = file; path = "NotoSansKR-Regular.otf"; sourceTree = "<group>"; };
		93E2164029223C560039A57A /* ProfileViewCell.swift */ = {isa = PBXFileReference; lastKnownFileType = sourcecode.swift; path = ProfileViewCell.swift; sourceTree = "<group>"; };
		93E2164229224F940039A57A /* ProfileHeaderView.swift */ = {isa = PBXFileReference; lastKnownFileType = sourcecode.swift; path = ProfileHeaderView.swift; sourceTree = "<group>"; };
		93E21646292252070039A57A /* ManageInfoViewController.swift */ = {isa = PBXFileReference; lastKnownFileType = sourcecode.swift; path = ManageInfoViewController.swift; sourceTree = "<group>"; };
		93E21648292252910039A57A /* ManageInfoView.swift */ = {isa = PBXFileReference; lastKnownFileType = sourcecode.swift; path = ManageInfoView.swift; sourceTree = "<group>"; };
		93E2164C29225B640039A57A /* ExpandableCell.swift */ = {isa = PBXFileReference; lastKnownFileType = sourcecode.swift; path = ExpandableCell.swift; sourceTree = "<group>"; };
		93E2164E29225BBF0039A57A /* BaseCollectionViewCell.swift */ = {isa = PBXFileReference; lastKnownFileType = sourcecode.swift; path = BaseCollectionViewCell.swift; sourceTree = "<group>"; };
/* End PBXFileReference section */

/* Begin PBXFrameworksBuildPhase section */
		93CFB3572918AEAC0014908C /* Frameworks */ = {
			isa = PBXFrameworksBuildPhase;
			buildActionMask = 2147483647;
			files = (
				938ADFCB291CED0500ED799C /* FirebaseMessaging in Frameworks */,
				9371046D29249C110024DA4C /* MultiSlider in Frameworks */,
				938ADFEC291D028000ED799C /* Alamofire in Frameworks */,
				938ADFF1291D03A100ED799C /* SwiftyJSON in Frameworks */,
				938ADFF4291E201200ED799C /* Toast in Frameworks */,
				9325E69B291A7A7F00E94098 /* RxCocoa in Frameworks */,
				938ADFC9291CED0500ED799C /* FirebaseAuth in Frameworks */,
				93CFB3972918D6C00014908C /* SnapKit in Frameworks */,
				9325E69D291A7A7F00E94098 /* RxSwift in Frameworks */,
			);
			runOnlyForDeploymentPostprocessing = 0;
		};
/* End PBXFrameworksBuildPhase section */

/* Begin PBXGroup section */
		93168AD82924FBB500AAFE82 /* CustomAnnotation */ = {
			isa = PBXGroup;
			children = (
				93168AD92924FBC200AAFE82 /* CustomAnnotationView.swift */,
			);
			path = CustomAnnotation;
			sourceTree = "<group>";
		};
		9371046829247F920024DA4C /* Cells */ = {
			isa = PBXGroup;
			children = (
				93E2164C29225B640039A57A /* ExpandableCell.swift */,
				93931A8F29234E9900FAF099 /* GenderCell.swift */,
				93931A952923C44400FAF099 /* StudyCell.swift */,
				93931A972923C65000FAF099 /* PhoneNumberPermitCell.swift */,
				93931A992923C7CA00FAF099 /* AgeCell.swift */,
			);
			path = Cells;
			sourceTree = "<group>";
		};
		937104702924A6030024DA4C /* Scene - LaunchScreen */ = {
			isa = PBXGroup;
			children = (
				9371046E2924A5D90024DA4C /* LaunchScreenViewController.swift */,
				937104712924A61F0024DA4C /* LaunchScreenView.swift */,
			);
			path = "Scene - LaunchScreen";
			sourceTree = "<group>";
		};
		937104732924B5C90024DA4C /* NetworkModel */ = {
			isa = PBXGroup;
			children = (
				937104742924B5DB0024DA4C /* NetworkModel.swift */,
			);
			path = NetworkModel;
			sourceTree = "<group>";
		};
		937104782924D1950024DA4C /* 1_1_main_default */ = {
			isa = PBXGroup;
			children = (
				93168AD82924FBB500AAFE82 /* CustomAnnotation */,
				938ADFE8291CFAE000ED799C /* MainViewController.swift */,
				937104762924D1610024DA4C /* MainView.swift */,
			);
			path = 1_1_main_default;
			sourceTree = "<group>";
		};
		937A1619291BA72E00656882 /* Protocol */ = {
			isa = PBXGroup;
			children = (
				937A161A291BA74B00656882 /* AttributeString+Protocol.swift */,
			);
			path = Protocol;
			sourceTree = "<group>";
		};
		938ADFBC291CCC5900ED799C /* Network */ = {
			isa = PBXGroup;
			children = (
				937104732924B5C90024DA4C /* NetworkModel */,
				938ADFBD291CD0F200ED799C /* AuthManager.swift */,
				938ADFC5291CEA0600ED799C /* TokenManager.swift */,
				938ADFED291D031200ED799C /* APIManager.swift */,
			);
			path = Network;
			sourceTree = "<group>";
		};
		938ADFCE291CF99B00ED799C /* Scene - Login&SignUp - 0 */ = {
			isa = PBXGroup;
			children = (
				938ADFCF291CF99B00ED799C /* LoginViewModel.swift */,
				938ADFD5291CF99B00ED799C /* SignUpAndAuthView.swift */,
				938ADFD8291CF99B00ED799C /* 0_1_login */,
				938ADFDA291CF99B00ED799C /* 0_2_login */,
				938ADFD6291CF99B00ED799C /* 0_3_nickname */,
				938ADFD2291CF99B00ED799C /* 0_4_birth */,
				938ADFD0291CF99B00ED799C /* 0_5_email */,
				938ADFDC291CF99B00ED799C /* 0_6_gender */,
			);
			name = "Scene - Login&SignUp - 0";
			path = "SeSACStudy/Scene - Login&SignUp - 0";
			sourceTree = SOURCE_ROOT;
		};
		938ADFD0291CF99B00ED799C /* 0_5_email */ = {
			isa = PBXGroup;
			children = (
				938ADFD1291CF99B00ED799C /* EmailViewController.swift */,
			);
			path = 0_5_email;
			sourceTree = "<group>";
		};
		938ADFD2291CF99B00ED799C /* 0_4_birth */ = {
			isa = PBXGroup;
			children = (
				938ADFD3291CF99B00ED799C /* BirthView.swift */,
				938ADFD4291CF99B00ED799C /* BirthViewController.swift */,
			);
			path = 0_4_birth;
			sourceTree = "<group>";
		};
		938ADFD6291CF99B00ED799C /* 0_3_nickname */ = {
			isa = PBXGroup;
			children = (
				938ADFD7291CF99B00ED799C /* NicknameViewController.swift */,
			);
			path = 0_3_nickname;
			sourceTree = "<group>";
		};
		938ADFD8291CF99B00ED799C /* 0_1_login */ = {
			isa = PBXGroup;
			children = (
				938ADFD9291CF99B00ED799C /* PhoneNumberValidViewController.swift */,
			);
			path = 0_1_login;
			sourceTree = "<group>";
		};
		938ADFDA291CF99B00ED799C /* 0_2_login */ = {
			isa = PBXGroup;
			children = (
				938ADFDB291CF99B00ED799C /* AuthNumberViewController.swift */,
			);
			path = 0_2_login;
			sourceTree = "<group>";
		};
		938ADFDC291CF99B00ED799C /* 0_6_gender */ = {
			isa = PBXGroup;
			children = (
				938ADFDD291CF99B00ED799C /* GenderViewController.swift */,
			);
			path = 0_6_gender;
			sourceTree = "<group>";
		};
		938ADFE7291CFAB200ED799C /* Scene - Main - 1 */ = {
			isa = PBXGroup;
			children = (
				937104782924D1950024DA4C /* 1_1_main_default */,
			);
			path = "Scene - Main - 1";
			sourceTree = "<group>";
		};
		938ADFF5291E20F100ED799C /* Toast */ = {
			isa = PBXGroup;
			children = (
				938ADFF6291E20FC00ED799C /* Toast.swift */,
			);
			path = Toast;
			sourceTree = "<group>";
		};
		938ADFF82921FDEE00ED799C /* Scene - Profile - 4 */ = {
			isa = PBXGroup;
			children = (
				93E21644292251B10039A57A /* 4.my_info */,
				93E21645292251CC0039A57A /* 4_1.my_info */,
			);
			path = "Scene - Profile - 4";
			sourceTree = "<group>";
		};
		93CFB3512918AEAC0014908C = {
			isa = PBXGroup;
			children = (
				93CFB35C2918AEAC0014908C /* SeSACStudy */,
				93CFB35B2918AEAC0014908C /* Products */,
			);
			sourceTree = "<group>";
		};
		93CFB35B2918AEAC0014908C /* Products */ = {
			isa = PBXGroup;
			children = (
				93CFB35A2918AEAC0014908C /* SeSACStudy.app */,
			);
			name = Products;
			sourceTree = "<group>";
		};
		93CFB35C2918AEAC0014908C /* SeSACStudy */ = {
			isa = PBXGroup;
			children = (
				938ADFBF291CE20000ED799C /* SeSACStudy.entitlements */,
				938ADFCC291CF6B000ED799C /* GoogleService-Info.plist */,
				93CFB35D2918AEAC0014908C /* AppDelegate.swift */,
				93CFB35F2918AEAC0014908C /* SceneDelegate.swift */,
				93CFB3612918AEAC0014908C /* TabBarController.swift */,
				938ADFF5291E20F100ED799C /* Toast */,
				938ADFBC291CCC5900ED799C /* Network */,
				937A1619291BA72E00656882 /* Protocol */,
				93CFB3782918C1620014908C /* Extensions */,
				93CFB3732918B3690014908C /* Scene - Base */,
				937104702924A6030024DA4C /* Scene - LaunchScreen */,
				93CFB3712918B2900014908C /* Scene - OnBoarding */,
				938ADFCE291CF99B00ED799C /* Scene - Login&SignUp - 0 */,
				938ADFE7291CFAB200ED799C /* Scene - Main - 1 */,
				938ADFF82921FDEE00ED799C /* Scene - Profile - 4 */,
				93CFB37D2918CE5B0014908C /* Resources */,
				93CFB3632918AEAC0014908C /* Main.storyboard */,
				93CFB3662918AEAE0014908C /* Assets.xcassets */,
				93CFB3682918AEAE0014908C /* LaunchScreen.storyboard */,
				93CFB36B2918AEAE0014908C /* Info.plist */,
			);
			path = SeSACStudy;
			sourceTree = "<group>";
		};
		93CFB3712918B2900014908C /* Scene - OnBoarding */ = {
			isa = PBXGroup;
			children = (
				9325E68F291A471000E94098 /* CustomPageViewController.swift */,
				9325E68E291A471000E94098 /* FirstOnboardingViewController.swift */,
				9325E68D291A471000E94098 /* OnBoardingView.swift */,
				9325E68C291A471000E94098 /* OnBoardingViewController.swift */,
			);
			path = "Scene - OnBoarding";
			sourceTree = "<group>";
		};
		93CFB3732918B3690014908C /* Scene - Base */ = {
			isa = PBXGroup;
			children = (
				93CFB3742918B38E0014908C /* BaseViewController.swift */,
				93CFB3762918B3950014908C /* BaseView.swift */,
				93E2164E29225BBF0039A57A /* BaseCollectionViewCell.swift */,
			);
			path = "Scene - Base";
			sourceTree = "<group>";
		};
		93CFB3782918C1620014908C /* Extensions */ = {
			isa = PBXGroup;
			children = (
				93CFB3792918C16A0014908C /* UIColor+Extensions.swift */,
				9325E6A0291B487E00E94098 /* UIView+Extensions.swift */,
				937A1614291B839D00656882 /* UITextField+Extensions.swift */,
				93931A912923868500FAF099 /* UIButton+Extensions.swift */,
				93931A93292389E300FAF099 /* UIStackView+Extensions.swift */,
			);
			path = Extensions;
			sourceTree = "<group>";
		};
		93CFB37D2918CE5B0014908C /* Resources */ = {
			isa = PBXGroup;
			children = (
				93CFB3802918D3BE0014908C /* Font */,
			);
			path = Resources;
			sourceTree = "<group>";
		};
		93CFB3802918D3BE0014908C /* Font */ = {
			isa = PBXGroup;
			children = (
				93CFB3812918D3BE0014908C /* Dongle-Regular.ttf */,
				93CFB3822918D3BE0014908C /* NotoSansKR-Light.otf */,
				93CFB3832918D3BE0014908C /* NotoSansKR-Bold.otf */,
				93CFB3842918D3BE0014908C /* NotoSansKR-Thin.otf */,
				93CFB3852918D3BE0014908C /* OFL.txt */,
				93CFB3862918D3BE0014908C /* NotoSansKR-Black.otf */,
				93CFB3872918D3BE0014908C /* Dongle-Light.ttf */,
				93CFB3882918D3BE0014908C /* NotoSansKR-Medium.otf */,
				93CFB3892918D3BE0014908C /* Dongle-Bold.ttf */,
				93CFB38A2918D3BE0014908C /* NotoSansKR-Regular.otf */,
			);
			path = Font;
			sourceTree = "<group>";
		};
		93E21644292251B10039A57A /* 4.my_info */ = {
			isa = PBXGroup;
			children = (
				938ADFFA2921FFE500ED799C /* ProfileViewController.swift */,
				93E2164229224F940039A57A /* ProfileHeaderView.swift */,
				938ADFFC2921FFEB00ED799C /* ProfileView.swift */,
				93E2164029223C560039A57A /* ProfileViewCell.swift */,
			);
			path = 4.my_info;
			sourceTree = "<group>";
		};
		93E21645292251CC0039A57A /* 4_1.my_info */ = {
			isa = PBXGroup;
			children = (
				9371046829247F920024DA4C /* Cells */,
				93E21646292252070039A57A /* ManageInfoViewController.swift */,
				93E21648292252910039A57A /* ManageInfoView.swift */,
				9371046629247F8A0024DA4C /* WithdrawPopUpViewController.swift */,
				93710469292480290024DA4C /* WithdrawPopUpView.swift */,
			);
			path = 4_1.my_info;
			sourceTree = "<group>";
		};
/* End PBXGroup section */

/* Begin PBXNativeTarget section */
		93CFB3592918AEAC0014908C /* SeSACStudy */ = {
			isa = PBXNativeTarget;
			buildConfigurationList = 93CFB36E2918AEAE0014908C /* Build configuration list for PBXNativeTarget "SeSACStudy" */;
			buildPhases = (
				93CFB3562918AEAC0014908C /* Sources */,
				93CFB3572918AEAC0014908C /* Frameworks */,
				93CFB3582918AEAC0014908C /* Resources */,
			);
			buildRules = (
			);
			dependencies = (
			);
			name = SeSACStudy;
			packageProductDependencies = (
				93CFB3962918D6C00014908C /* SnapKit */,
				9325E69A291A7A7F00E94098 /* RxCocoa */,
				9325E69C291A7A7F00E94098 /* RxSwift */,
				938ADFC8291CED0500ED799C /* FirebaseAuth */,
				938ADFCA291CED0500ED799C /* FirebaseMessaging */,
				938ADFEB291D028000ED799C /* Alamofire */,
				938ADFF0291D03A100ED799C /* SwiftyJSON */,
				938ADFF3291E201200ED799C /* Toast */,
				9371046C29249C110024DA4C /* MultiSlider */,
			);
			productName = SeSACStudy;
			productReference = 93CFB35A2918AEAC0014908C /* SeSACStudy.app */;
			productType = "com.apple.product-type.application";
		};
/* End PBXNativeTarget section */

/* Begin PBXProject section */
		93CFB3522918AEAC0014908C /* Project object */ = {
			isa = PBXProject;
			attributes = {
				BuildIndependentTargetsInParallel = 1;
				LastSwiftUpdateCheck = 1410;
				LastUpgradeCheck = 1410;
				TargetAttributes = {
					93CFB3592918AEAC0014908C = {
						CreatedOnToolsVersion = 14.1;
					};
				};
			};
			buildConfigurationList = 93CFB3552918AEAC0014908C /* Build configuration list for PBXProject "SeSACStudy" */;
			compatibilityVersion = "Xcode 14.0";
			developmentRegion = en;
			hasScannedForEncodings = 0;
			knownRegions = (
				en,
				Base,
			);
			mainGroup = 93CFB3512918AEAC0014908C;
			packageReferences = (
				93CFB3952918D6C00014908C /* XCRemoteSwiftPackageReference "SnapKit" */,
				9325E699291A7A7F00E94098 /* XCRemoteSwiftPackageReference "RxSwift" */,
				938ADFC7291CED0500ED799C /* XCRemoteSwiftPackageReference "firebase-ios-sdk" */,
				938ADFEA291D028000ED799C /* XCRemoteSwiftPackageReference "Alamofire" */,
				938ADFEF291D03A100ED799C /* XCRemoteSwiftPackageReference "SwiftyJSON" */,
				938ADFF2291E201200ED799C /* XCRemoteSwiftPackageReference "Toast-Swift" */,
				9371046B29249C110024DA4C /* XCRemoteSwiftPackageReference "MultiSlider" */,
			);
			productRefGroup = 93CFB35B2918AEAC0014908C /* Products */;
			projectDirPath = "";
			projectRoot = "";
			targets = (
				93CFB3592918AEAC0014908C /* SeSACStudy */,
			);
		};
/* End PBXProject section */

/* Begin PBXResourcesBuildPhase section */
		93CFB3582918AEAC0014908C /* Resources */ = {
			isa = PBXResourcesBuildPhase;
			buildActionMask = 2147483647;
			files = (
				93CFB3902918D3BE0014908C /* NotoSansKR-Black.otf in Resources */,
				93CFB3942918D3BE0014908C /* NotoSansKR-Regular.otf in Resources */,
				93CFB36A2918AEAE0014908C /* LaunchScreen.storyboard in Resources */,
				93CFB3932918D3BE0014908C /* Dongle-Bold.ttf in Resources */,
				93CFB3912918D3BE0014908C /* Dongle-Light.ttf in Resources */,
				93CFB38E2918D3BE0014908C /* NotoSansKR-Thin.otf in Resources */,
				93CFB38C2918D3BE0014908C /* NotoSansKR-Light.otf in Resources */,
				93CFB3672918AEAE0014908C /* Assets.xcassets in Resources */,
				93CFB38B2918D3BE0014908C /* Dongle-Regular.ttf in Resources */,
				93CFB38D2918D3BE0014908C /* NotoSansKR-Bold.otf in Resources */,
				93CFB38F2918D3BE0014908C /* OFL.txt in Resources */,
				93CFB3922918D3BE0014908C /* NotoSansKR-Medium.otf in Resources */,
				93CFB3652918AEAC0014908C /* Main.storyboard in Resources */,
				938ADFCD291CF6B000ED799C /* GoogleService-Info.plist in Resources */,
			);
			runOnlyForDeploymentPostprocessing = 0;
		};
/* End PBXResourcesBuildPhase section */

/* Begin PBXSourcesBuildPhase section */
		93CFB3562918AEAC0014908C /* Sources */ = {
			isa = PBXSourcesBuildPhase;
			buildActionMask = 2147483647;
			files = (
				9325E692291A471000E94098 /* FirstOnboardingViewController.swift in Sources */,
				938ADFC6291CEA0600ED799C /* TokenManager.swift in Sources */,
				938ADFBE291CD0F200ED799C /* AuthManager.swift in Sources */,
				93CFB3622918AEAC0014908C /* TabBarController.swift in Sources */,
				938ADFE6291CF99B00ED799C /* GenderViewController.swift in Sources */,
				93CFB3752918B38E0014908C /* BaseViewController.swift in Sources */,
				937104772924D1610024DA4C /* MainView.swift in Sources */,
				93CFB3772918B3950014908C /* BaseView.swift in Sources */,
				9325E691291A471000E94098 /* OnBoardingView.swift in Sources */,
				93931A982923C65000FAF099 /* PhoneNumberPermitCell.swift in Sources */,
				9325E6A1291B487E00E94098 /* UIView+Extensions.swift in Sources */,
				9371046A292480290024DA4C /* WithdrawPopUpView.swift in Sources */,
				93E2164329224F940039A57A /* ProfileHeaderView.swift in Sources */,
				938ADFDE291CF99B00ED799C /* LoginViewModel.swift in Sources */,
				938ADFEE291D031200ED799C /* APIManager.swift in Sources */,
				938ADFFD2921FFEB00ED799C /* ProfileView.swift in Sources */,
				93E21647292252070039A57A /* ManageInfoViewController.swift in Sources */,
				93931A94292389E300FAF099 /* UIStackView+Extensions.swift in Sources */,
				93CFB35E2918AEAC0014908C /* AppDelegate.swift in Sources */,
				938ADFE3291CF99B00ED799C /* NicknameViewController.swift in Sources */,
				938ADFE4291CF99B00ED799C /* PhoneNumberValidViewController.swift in Sources */,
				93E21649292252910039A57A /* ManageInfoView.swift in Sources */,
				93168ADA2924FBC200AAFE82 /* CustomAnnotationView.swift in Sources */,
				93931A922923868500FAF099 /* UIButton+Extensions.swift in Sources */,
				938ADFE5291CF99B00ED799C /* AuthNumberViewController.swift in Sources */,
				938ADFE9291CFAE000ED799C /* MainViewController.swift in Sources */,
				9371046F2924A5D90024DA4C /* LaunchScreenViewController.swift in Sources */,
				938ADFF7291E20FC00ED799C /* Toast.swift in Sources */,
				9325E693291A471000E94098 /* CustomPageViewController.swift in Sources */,
				938ADFFB2921FFE500ED799C /* ProfileViewController.swift in Sources */,
				938ADFE2291CF99B00ED799C /* SignUpAndAuthView.swift in Sources */,
				93931A962923C44400FAF099 /* StudyCell.swift in Sources */,
				938ADFDF291CF99B00ED799C /* EmailViewController.swift in Sources */,
				9325E690291A471000E94098 /* OnBoardingViewController.swift in Sources */,
				937A1615291B839D00656882 /* UITextField+Extensions.swift in Sources */,
				93E2164129223C560039A57A /* ProfileViewCell.swift in Sources */,
				93E2164F29225BBF0039A57A /* BaseCollectionViewCell.swift in Sources */,
				937104722924A61F0024DA4C /* LaunchScreenView.swift in Sources */,
				9371046729247F8A0024DA4C /* WithdrawPopUpViewController.swift in Sources */,
				937A161B291BA74B00656882 /* AttributeString+Protocol.swift in Sources */,
				938ADFE1291CF99B00ED799C /* BirthViewController.swift in Sources */,
				93931A9029234E9900FAF099 /* GenderCell.swift in Sources */,
				937104752924B5DB0024DA4C /* NetworkModel.swift in Sources */,
				93CFB3602918AEAC0014908C /* SceneDelegate.swift in Sources */,
				93CFB37A2918C16A0014908C /* UIColor+Extensions.swift in Sources */,
				93931A9A2923C7CA00FAF099 /* AgeCell.swift in Sources */,
				938ADFE0291CF99B00ED799C /* BirthView.swift in Sources */,
				93E2164D29225B640039A57A /* ExpandableCell.swift in Sources */,
			);
			runOnlyForDeploymentPostprocessing = 0;
		};
/* End PBXSourcesBuildPhase section */

/* Begin PBXVariantGroup section */
		93CFB3632918AEAC0014908C /* Main.storyboard */ = {
			isa = PBXVariantGroup;
			children = (
				93CFB3642918AEAC0014908C /* Base */,
			);
			name = Main.storyboard;
			sourceTree = "<group>";
		};
		93CFB3682918AEAE0014908C /* LaunchScreen.storyboard */ = {
			isa = PBXVariantGroup;
			children = (
				93CFB3692918AEAE0014908C /* Base */,
			);
			name = LaunchScreen.storyboard;
			sourceTree = "<group>";
		};
/* End PBXVariantGroup section */

/* Begin XCBuildConfiguration section */
		93CFB36C2918AEAE0014908C /* Debug */ = {
			isa = XCBuildConfiguration;
			buildSettings = {
				ALWAYS_SEARCH_USER_PATHS = NO;
				CLANG_ANALYZER_NONNULL = YES;
				CLANG_ANALYZER_NUMBER_OBJECT_CONVERSION = YES_AGGRESSIVE;
				CLANG_CXX_LANGUAGE_STANDARD = "gnu++20";
				CLANG_ENABLE_MODULES = YES;
				CLANG_ENABLE_OBJC_ARC = YES;
				CLANG_ENABLE_OBJC_WEAK = YES;
				CLANG_WARN_BLOCK_CAPTURE_AUTORELEASING = YES;
				CLANG_WARN_BOOL_CONVERSION = YES;
				CLANG_WARN_COMMA = YES;
				CLANG_WARN_CONSTANT_CONVERSION = YES;
				CLANG_WARN_DEPRECATED_OBJC_IMPLEMENTATIONS = YES;
				CLANG_WARN_DIRECT_OBJC_ISA_USAGE = YES_ERROR;
				CLANG_WARN_DOCUMENTATION_COMMENTS = YES;
				CLANG_WARN_EMPTY_BODY = YES;
				CLANG_WARN_ENUM_CONVERSION = YES;
				CLANG_WARN_INFINITE_RECURSION = YES;
				CLANG_WARN_INT_CONVERSION = YES;
				CLANG_WARN_NON_LITERAL_NULL_CONVERSION = YES;
				CLANG_WARN_OBJC_IMPLICIT_RETAIN_SELF = YES;
				CLANG_WARN_OBJC_LITERAL_CONVERSION = YES;
				CLANG_WARN_OBJC_ROOT_CLASS = YES_ERROR;
				CLANG_WARN_QUOTED_INCLUDE_IN_FRAMEWORK_HEADER = YES;
				CLANG_WARN_RANGE_LOOP_ANALYSIS = YES;
				CLANG_WARN_STRICT_PROTOTYPES = YES;
				CLANG_WARN_SUSPICIOUS_MOVE = YES;
				CLANG_WARN_UNGUARDED_AVAILABILITY = YES_AGGRESSIVE;
				CLANG_WARN_UNREACHABLE_CODE = YES;
				CLANG_WARN__DUPLICATE_METHOD_MATCH = YES;
				COPY_PHASE_STRIP = NO;
				DEBUG_INFORMATION_FORMAT = dwarf;
				ENABLE_STRICT_OBJC_MSGSEND = YES;
				ENABLE_TESTABILITY = YES;
				GCC_C_LANGUAGE_STANDARD = gnu11;
				GCC_DYNAMIC_NO_PIC = NO;
				GCC_NO_COMMON_BLOCKS = YES;
				GCC_OPTIMIZATION_LEVEL = 0;
				GCC_PREPROCESSOR_DEFINITIONS = (
					"DEBUG=1",
					"$(inherited)",
				);
				GCC_WARN_64_TO_32_BIT_CONVERSION = YES;
				GCC_WARN_ABOUT_RETURN_TYPE = YES_ERROR;
				GCC_WARN_UNDECLARED_SELECTOR = YES;
				GCC_WARN_UNINITIALIZED_AUTOS = YES_AGGRESSIVE;
				GCC_WARN_UNUSED_FUNCTION = YES;
				GCC_WARN_UNUSED_VARIABLE = YES;
				IPHONEOS_DEPLOYMENT_TARGET = 16.1;
				MTL_ENABLE_DEBUG_INFO = INCLUDE_SOURCE;
				MTL_FAST_MATH = YES;
				ONLY_ACTIVE_ARCH = YES;
				SDKROOT = iphoneos;
				SWIFT_ACTIVE_COMPILATION_CONDITIONS = DEBUG;
				SWIFT_OPTIMIZATION_LEVEL = "-Onone";
			};
			name = Debug;
		};
		93CFB36D2918AEAE0014908C /* Release */ = {
			isa = XCBuildConfiguration;
			buildSettings = {
				ALWAYS_SEARCH_USER_PATHS = NO;
				CLANG_ANALYZER_NONNULL = YES;
				CLANG_ANALYZER_NUMBER_OBJECT_CONVERSION = YES_AGGRESSIVE;
				CLANG_CXX_LANGUAGE_STANDARD = "gnu++20";
				CLANG_ENABLE_MODULES = YES;
				CLANG_ENABLE_OBJC_ARC = YES;
				CLANG_ENABLE_OBJC_WEAK = YES;
				CLANG_WARN_BLOCK_CAPTURE_AUTORELEASING = YES;
				CLANG_WARN_BOOL_CONVERSION = YES;
				CLANG_WARN_COMMA = YES;
				CLANG_WARN_CONSTANT_CONVERSION = YES;
				CLANG_WARN_DEPRECATED_OBJC_IMPLEMENTATIONS = YES;
				CLANG_WARN_DIRECT_OBJC_ISA_USAGE = YES_ERROR;
				CLANG_WARN_DOCUMENTATION_COMMENTS = YES;
				CLANG_WARN_EMPTY_BODY = YES;
				CLANG_WARN_ENUM_CONVERSION = YES;
				CLANG_WARN_INFINITE_RECURSION = YES;
				CLANG_WARN_INT_CONVERSION = YES;
				CLANG_WARN_NON_LITERAL_NULL_CONVERSION = YES;
				CLANG_WARN_OBJC_IMPLICIT_RETAIN_SELF = YES;
				CLANG_WARN_OBJC_LITERAL_CONVERSION = YES;
				CLANG_WARN_OBJC_ROOT_CLASS = YES_ERROR;
				CLANG_WARN_QUOTED_INCLUDE_IN_FRAMEWORK_HEADER = YES;
				CLANG_WARN_RANGE_LOOP_ANALYSIS = YES;
				CLANG_WARN_STRICT_PROTOTYPES = YES;
				CLANG_WARN_SUSPICIOUS_MOVE = YES;
				CLANG_WARN_UNGUARDED_AVAILABILITY = YES_AGGRESSIVE;
				CLANG_WARN_UNREACHABLE_CODE = YES;
				CLANG_WARN__DUPLICATE_METHOD_MATCH = YES;
				COPY_PHASE_STRIP = NO;
				DEBUG_INFORMATION_FORMAT = "dwarf-with-dsym";
				ENABLE_NS_ASSERTIONS = NO;
				ENABLE_STRICT_OBJC_MSGSEND = YES;
				GCC_C_LANGUAGE_STANDARD = gnu11;
				GCC_NO_COMMON_BLOCKS = YES;
				GCC_WARN_64_TO_32_BIT_CONVERSION = YES;
				GCC_WARN_ABOUT_RETURN_TYPE = YES_ERROR;
				GCC_WARN_UNDECLARED_SELECTOR = YES;
				GCC_WARN_UNINITIALIZED_AUTOS = YES_AGGRESSIVE;
				GCC_WARN_UNUSED_FUNCTION = YES;
				GCC_WARN_UNUSED_VARIABLE = YES;
				IPHONEOS_DEPLOYMENT_TARGET = 16.1;
				MTL_ENABLE_DEBUG_INFO = NO;
				MTL_FAST_MATH = YES;
				SDKROOT = iphoneos;
				SWIFT_COMPILATION_MODE = wholemodule;
				SWIFT_OPTIMIZATION_LEVEL = "-O";
				VALIDATE_PRODUCT = YES;
			};
			name = Release;
		};
		93CFB36F2918AEAE0014908C /* Debug */ = {
			isa = XCBuildConfiguration;
			buildSettings = {
				ASSETCATALOG_COMPILER_APPICON_NAME = AppIcon;
				ASSETCATALOG_COMPILER_GLOBAL_ACCENT_COLOR_NAME = AccentColor;
				CODE_SIGN_ENTITLEMENTS = SeSACStudy/SeSACStudy.entitlements;
				CODE_SIGN_STYLE = Automatic;
				CURRENT_PROJECT_VERSION = 1;
				DEVELOPMENT_TEAM = FQ63CT4A3G;
				GENERATE_INFOPLIST_FILE = YES;
				INFOPLIST_FILE = SeSACStudy/Info.plist;
				INFOPLIST_KEY_UIApplicationSupportsIndirectInputEvents = YES;
				INFOPLIST_KEY_UILaunchStoryboardName = LaunchScreen;
				INFOPLIST_KEY_UIMainStoryboardFile = Main;
				INFOPLIST_KEY_UISupportedInterfaceOrientations_iPad = "UIInterfaceOrientationPortrait UIInterfaceOrientationPortraitUpsideDown UIInterfaceOrientationLandscapeLeft UIInterfaceOrientationLandscapeRight";
				INFOPLIST_KEY_UISupportedInterfaceOrientations_iPhone = "UIInterfaceOrientationPortrait UIInterfaceOrientationLandscapeLeft UIInterfaceOrientationLandscapeRight";
				LD_RUNPATH_SEARCH_PATHS = (
					"$(inherited)",
					"@executable_path/Frameworks",
				);
				MARKETING_VERSION = 1.0;
				PRODUCT_BUNDLE_IDENTIFIER = com.memolease.sesacslp;
				PRODUCT_NAME = "$(TARGET_NAME)";
				SWIFT_EMIT_LOC_STRINGS = YES;
				SWIFT_VERSION = 5.0;
				TARGETED_DEVICE_FAMILY = "1,2";
			};
			name = Debug;
		};
		93CFB3702918AEAE0014908C /* Release */ = {
			isa = XCBuildConfiguration;
			buildSettings = {
				ASSETCATALOG_COMPILER_APPICON_NAME = AppIcon;
				ASSETCATALOG_COMPILER_GLOBAL_ACCENT_COLOR_NAME = AccentColor;
				CODE_SIGN_ENTITLEMENTS = SeSACStudy/SeSACStudy.entitlements;
				CODE_SIGN_STYLE = Automatic;
				CURRENT_PROJECT_VERSION = 1;
				DEVELOPMENT_TEAM = FQ63CT4A3G;
				GENERATE_INFOPLIST_FILE = YES;
				INFOPLIST_FILE = SeSACStudy/Info.plist;
				INFOPLIST_KEY_UIApplicationSupportsIndirectInputEvents = YES;
				INFOPLIST_KEY_UILaunchStoryboardName = LaunchScreen;
				INFOPLIST_KEY_UIMainStoryboardFile = Main;
				INFOPLIST_KEY_UISupportedInterfaceOrientations_iPad = "UIInterfaceOrientationPortrait UIInterfaceOrientationPortraitUpsideDown UIInterfaceOrientationLandscapeLeft UIInterfaceOrientationLandscapeRight";
				INFOPLIST_KEY_UISupportedInterfaceOrientations_iPhone = "UIInterfaceOrientationPortrait UIInterfaceOrientationLandscapeLeft UIInterfaceOrientationLandscapeRight";
				LD_RUNPATH_SEARCH_PATHS = (
					"$(inherited)",
					"@executable_path/Frameworks",
				);
				MARKETING_VERSION = 1.0;
				PRODUCT_BUNDLE_IDENTIFIER = com.memolease.sesacslp;
				PRODUCT_NAME = "$(TARGET_NAME)";
				SWIFT_EMIT_LOC_STRINGS = YES;
				SWIFT_VERSION = 5.0;
				TARGETED_DEVICE_FAMILY = "1,2";
			};
			name = Release;
		};
/* End XCBuildConfiguration section */

/* Begin XCConfigurationList section */
		93CFB3552918AEAC0014908C /* Build configuration list for PBXProject "SeSACStudy" */ = {
			isa = XCConfigurationList;
			buildConfigurations = (
				93CFB36C2918AEAE0014908C /* Debug */,
				93CFB36D2918AEAE0014908C /* Release */,
			);
			defaultConfigurationIsVisible = 0;
			defaultConfigurationName = Release;
		};
		93CFB36E2918AEAE0014908C /* Build configuration list for PBXNativeTarget "SeSACStudy" */ = {
			isa = XCConfigurationList;
			buildConfigurations = (
				93CFB36F2918AEAE0014908C /* Debug */,
				93CFB3702918AEAE0014908C /* Release */,
			);
			defaultConfigurationIsVisible = 0;
			defaultConfigurationName = Release;
		};
/* End XCConfigurationList section */

/* Begin XCRemoteSwiftPackageReference section */
		9325E699291A7A7F00E94098 /* XCRemoteSwiftPackageReference "RxSwift" */ = {
			isa = XCRemoteSwiftPackageReference;
			repositoryURL = "https://github.com/ReactiveX/RxSwift.git";
			requirement = {
				kind = upToNextMajorVersion;
				minimumVersion = 6.0.0;
			};
		};
		9371046B29249C110024DA4C /* XCRemoteSwiftPackageReference "MultiSlider" */ = {
			isa = XCRemoteSwiftPackageReference;
			repositoryURL = "https://github.com/yonat/MultiSlider.git";
			requirement = {
				kind = upToNextMajorVersion;
				minimumVersion = 1.0.0;
			};
		};
		938ADFC7291CED0500ED799C /* XCRemoteSwiftPackageReference "firebase-ios-sdk" */ = {
			isa = XCRemoteSwiftPackageReference;
			repositoryURL = "https://github.com/firebase/firebase-ios-sdk";
			requirement = {
				kind = upToNextMajorVersion;
				minimumVersion = 9.0.0;
			};
		};
		938ADFEA291D028000ED799C /* XCRemoteSwiftPackageReference "Alamofire" */ = {
			isa = XCRemoteSwiftPackageReference;
			repositoryURL = "https://github.com/Alamofire/Alamofire";
			requirement = {
				kind = upToNextMajorVersion;
				minimumVersion = 5.0.0;
			};
		};
		938ADFEF291D03A100ED799C /* XCRemoteSwiftPackageReference "SwiftyJSON" */ = {
			isa = XCRemoteSwiftPackageReference;
			repositoryURL = "https://github.com/SwiftyJSON/SwiftyJSON";
			requirement = {
				kind = upToNextMajorVersion;
				minimumVersion = 5.0.0;
			};
		};
		938ADFF2291E201200ED799C /* XCRemoteSwiftPackageReference "Toast-Swift" */ = {
			isa = XCRemoteSwiftPackageReference;
			repositoryURL = "https://github.com/scalessec/Toast-Swift.git";
			requirement = {
				kind = upToNextMajorVersion;
				minimumVersion = 5.0.0;
			};
		};
		93CFB3952918D6C00014908C /* XCRemoteSwiftPackageReference "SnapKit" */ = {
			isa = XCRemoteSwiftPackageReference;
			repositoryURL = "https://github.com/SnapKit/SnapKit.git";
			requirement = {
				kind = upToNextMajorVersion;
				minimumVersion = 5.0.0;
			};
		};
/* End XCRemoteSwiftPackageReference section */

/* Begin XCSwiftPackageProductDependency section */
		9325E69A291A7A7F00E94098 /* RxCocoa */ = {
			isa = XCSwiftPackageProductDependency;
			package = 9325E699291A7A7F00E94098 /* XCRemoteSwiftPackageReference "RxSwift" */;
			productName = RxCocoa;
		};
		9325E69C291A7A7F00E94098 /* RxSwift */ = {
			isa = XCSwiftPackageProductDependency;
			package = 9325E699291A7A7F00E94098 /* XCRemoteSwiftPackageReference "RxSwift" */;
			productName = RxSwift;
		};
		9371046C29249C110024DA4C /* MultiSlider */ = {
			isa = XCSwiftPackageProductDependency;
			package = 9371046B29249C110024DA4C /* XCRemoteSwiftPackageReference "MultiSlider" */;
			productName = MultiSlider;
		};
		938ADFC8291CED0500ED799C /* FirebaseAuth */ = {
			isa = XCSwiftPackageProductDependency;
			package = 938ADFC7291CED0500ED799C /* XCRemoteSwiftPackageReference "firebase-ios-sdk" */;
			productName = FirebaseAuth;
		};
		938ADFCA291CED0500ED799C /* FirebaseMessaging */ = {
			isa = XCSwiftPackageProductDependency;
			package = 938ADFC7291CED0500ED799C /* XCRemoteSwiftPackageReference "firebase-ios-sdk" */;
			productName = FirebaseMessaging;
		};
		938ADFEB291D028000ED799C /* Alamofire */ = {
			isa = XCSwiftPackageProductDependency;
			package = 938ADFEA291D028000ED799C /* XCRemoteSwiftPackageReference "Alamofire" */;
			productName = Alamofire;
		};
		938ADFF0291D03A100ED799C /* SwiftyJSON */ = {
			isa = XCSwiftPackageProductDependency;
			package = 938ADFEF291D03A100ED799C /* XCRemoteSwiftPackageReference "SwiftyJSON" */;
			productName = SwiftyJSON;
		};
		938ADFF3291E201200ED799C /* Toast */ = {
			isa = XCSwiftPackageProductDependency;
			package = 938ADFF2291E201200ED799C /* XCRemoteSwiftPackageReference "Toast-Swift" */;
			productName = Toast;
		};
		93CFB3962918D6C00014908C /* SnapKit */ = {
			isa = XCSwiftPackageProductDependency;
			package = 93CFB3952918D6C00014908C /* XCRemoteSwiftPackageReference "SnapKit" */;
			productName = SnapKit;
		};
/* End XCSwiftPackageProductDependency section */
	};
	rootObject = 93CFB3522918AEAC0014908C /* Project object */;
}
